// !$*UTF8*$!
{
	archiveVersion = 1;
	classes = {
	};
	objectVersion = 46;
	objects = {

/* Begin PBXBuildFile section */
		46485DA01F4F0C9E0033C204 /* TextFieldRendererSpec.swift in Sources */ = {isa = PBXBuildFile; fileRef = 46485D9F1F4F0C9E0033C204 /* TextFieldRendererSpec.swift */; };
		46485DA61F5458920033C204 /* TextViewRendererSpec.swift in Sources */ = {isa = PBXBuildFile; fileRef = 46485DA51F5458920033C204 /* TextViewRendererSpec.swift */; };
		46485DA81F55D09E0033C204 /* MessageProducer.swift in Sources */ = {isa = PBXBuildFile; fileRef = 46485DA71F55D09E0033C204 /* MessageProducer.swift */; };
		464955621F55E8B20079ABD8 /* ImageViewRendererSpec.swift in Sources */ = {isa = PBXBuildFile; fileRef = 464955611F55E8B20079ABD8 /* ImageViewRendererSpec.swift */; };
		464955641F55FAD50079ABD8 /* PropertyChange.swift in Sources */ = {isa = PBXBuildFile; fileRef = 464955631F55FAD50079ABD8 /* PropertyChange.swift */; };
		464955671F560A960079ABD8 /* CollectionScreen.swift in Sources */ = {isa = PBXBuildFile; fileRef = 464955651F560A520079ABD8 /* CollectionScreen.swift */; };
		4684AEF31F607A5500D29431 /* TableScreen.swift in Sources */ = {isa = PBXBuildFile; fileRef = 4684AEF11F60799F00D29431 /* TableScreen.swift */; };
		4684AEF51F63048B00D29431 /* CollectionRendererSpec.swift in Sources */ = {isa = PBXBuildFile; fileRef = 4684AEF41F63048B00D29431 /* CollectionRendererSpec.swift */; };
		4684AEF71F631ED200D29431 /* CarouselScreen.swift in Sources */ = {isa = PBXBuildFile; fileRef = 4684AEF61F631ED200D29431 /* CarouselScreen.swift */; };
		4684AEF91F63348300D29431 /* CarouselRendererSpec.swift in Sources */ = {isa = PBXBuildFile; fileRef = 4684AEF81F63348300D29431 /* CarouselRendererSpec.swift */; };
		469C4B551F56212D00C6D468 /* MapViewRendererSpec.swift in Sources */ = {isa = PBXBuildFile; fileRef = 469C4B541F56212D00C6D468 /* MapViewRendererSpec.swift */; };
		469C4B571F582B4000C6D468 /* ExamplesView.swift in Sources */ = {isa = PBXBuildFile; fileRef = 469C4B561F582B4000C6D468 /* ExamplesView.swift */; };
		46A95EE01F58348A0051C302 /* TextFieldScreen.swift in Sources */ = {isa = PBXBuildFile; fileRef = 46A95EDF1F58348A0051C302 /* TextFieldScreen.swift */; };
		46A95EE21F5835480051C302 /* TextViewScreen.swift in Sources */ = {isa = PBXBuildFile; fileRef = 46A95EE11F5835470051C302 /* TextViewScreen.swift */; };
		46A95EE41F584C8C0051C302 /* ImageScreen.swift in Sources */ = {isa = PBXBuildFile; fileRef = 46A95EE31F584C8C0051C302 /* ImageScreen.swift */; };
		46A95EE61F58515D0051C302 /* MapScreen.swift in Sources */ = {isa = PBXBuildFile; fileRef = 46A95EE51F58515D0051C302 /* MapScreen.swift */; };
		46A95EE81F5869070051C302 /* ProgressScreen.swift in Sources */ = {isa = PBXBuildFile; fileRef = 46A95EE71F5869070051C302 /* ProgressScreen.swift */; };
		46A95EEA1F59ECA90051C302 /* PorgressRenderSpec.swift in Sources */ = {isa = PBXBuildFile; fileRef = 46A95EE91F59ECA90051C302 /* PorgressRenderSpec.swift */; };
		46A95EEC1F5A05FE0051C302 /* SegmentedScreen.swift in Sources */ = {isa = PBXBuildFile; fileRef = 46A95EEB1F5A05FE0051C302 /* SegmentedScreen.swift */; };
		46E6702E1F5EF61D004F54C8 /* SpinnerScreen.swift in Sources */ = {isa = PBXBuildFile; fileRef = 46E6702D1F5EF61C004F54C8 /* SpinnerScreen.swift */; };
		46E670301F5EF7B8004F54C8 /* SpinnerRenderSpec.swift in Sources */ = {isa = PBXBuildFile; fileRef = 46E6702F1F5EF7B8004F54C8 /* SpinnerRenderSpec.swift */; };
		46FAB5591F5F2BFD0094DEA3 /* SegmentedRendererSpec.swift in Sources */ = {isa = PBXBuildFile; fileRef = 46FAB5581F5F2BFD0094DEA3 /* SegmentedRendererSpec.swift */; };
		46FAB55B1F5F477E0094DEA3 /* TableRendererSpec.swift in Sources */ = {isa = PBXBuildFile; fileRef = 46FAB55A1F5F477E0094DEA3 /* TableRendererSpec.swift */; };
		46FAB55E1F5F4EDD0094DEA3 /* MockContainerController.swift in Sources */ = {isa = PBXBuildFile; fileRef = 46FAB55D1F5F4EDD0094DEA3 /* MockContainerController.swift */; };
		46FAB5601F5F4F8D0094DEA3 /* MockRoute.swift in Sources */ = {isa = PBXBuildFile; fileRef = 46FAB55F1F5F4F8D0094DEA3 /* MockRoute.swift */; };
		9D0F33471E78F81800C65BED /* Portal.framework in Frameworks */ = {isa = PBXBuildFile; fileRef = 9D0F333D1E78F81800C65BED /* Portal.framework */; };
		9D0F334E1E78F81800C65BED /* Portal.h in Headers */ = {isa = PBXBuildFile; fileRef = 9D0F33401E78F81800C65BED /* Portal.h */; settings = {ATTRIBUTES = (Public, ); }; };
		9D0F33621E78F97800C65BED /* PortalUIApplication.swift in Sources */ = {isa = PBXBuildFile; fileRef = 9D0F33611E78F97800C65BED /* PortalUIApplication.swift */; };
		9D0F33641E78F9BB00C65BED /* Application.swift in Sources */ = {isa = PBXBuildFile; fileRef = 9D0F33631E78F9BB00C65BED /* Application.swift */; };
		9D0F33661E79071100C65BED /* UIKitApplicationRenderer.swift in Sources */ = {isa = PBXBuildFile; fileRef = 9D0F33651E79071100C65BED /* UIKitApplicationRenderer.swift */; };
		9D2143CB1F35203E007D25D5 /* AutoProtocols.swift in Sources */ = {isa = PBXBuildFile; fileRef = 9D2143CA1F35203E007D25D5 /* AutoProtocols.swift */; };
		9D3A6E131EECB8FE00DCFA2D /* Effects.swift in Sources */ = {isa = PBXBuildFile; fileRef = 9D3A6E121EECB8FE00DCFA2D /* Effects.swift */; };
		9D3A6E181EECBA3F00DCFA2D /* Shared.swift in Sources */ = {isa = PBXBuildFile; fileRef = 9D3A6E171EECBA3F00DCFA2D /* Shared.swift */; };
		9D3A6E1A1EECBB1F00DCFA2D /* ModalScreen.swift in Sources */ = {isa = PBXBuildFile; fileRef = 9D3A6E191EECBB1F00DCFA2D /* ModalScreen.swift */; };
		9D3A6E1C1EECBBC000DCFA2D /* LandscapeScreen.swift in Sources */ = {isa = PBXBuildFile; fileRef = 9D3A6E1B1EECBBC000DCFA2D /* LandscapeScreen.swift */; };
		9D3A6E1E1EECBC4900DCFA2D /* DetailScreen.swift in Sources */ = {isa = PBXBuildFile; fileRef = 9D3A6E1D1EECBC4900DCFA2D /* DetailScreen.swift */; };
		9D3A6E201EECBCF000DCFA2D /* DefaultScreen.swift in Sources */ = {isa = PBXBuildFile; fileRef = 9D3A6E1F1EECBCF000DCFA2D /* DefaultScreen.swift */; };
		9D3A6E221EECBE6000DCFA2D /* MainScreen.swift in Sources */ = {isa = PBXBuildFile; fileRef = 9D3A6E211EECBE3D00DCFA2D /* MainScreen.swift */; };
		9D3A6E251EECC9A500DCFA2D /* CustomComponentRenderer.swift in Sources */ = {isa = PBXBuildFile; fileRef = 9D3A6E241EECC9A500DCFA2D /* CustomComponentRenderer.swift */; };
		9D3A6E271EECC9BF00DCFA2D /* CustomController.swift in Sources */ = {isa = PBXBuildFile; fileRef = 9D3A6E261EECC9BF00DCFA2D /* CustomController.swift */; };
		9D3A6E2F1EEE007200DCFA2D /* PortalExampleUITests.swift in Sources */ = {isa = PBXBuildFile; fileRef = 9D3A6E2E1EEE007200DCFA2D /* PortalExampleUITests.swift */; };
		9D3A6E371EEE065000DCFA2D /* PortalExampleApplication.swift in Sources */ = {isa = PBXBuildFile; fileRef = 9D3A6E361EEE065000DCFA2D /* PortalExampleApplication.swift */; };
		9D3A6E3A1EEE07F100DCFA2D /* ModalScreenDriver.swift in Sources */ = {isa = PBXBuildFile; fileRef = 9D3A6E391EEE07F100DCFA2D /* ModalScreenDriver.swift */; };
		9D3A6E3C1EEE098000DCFA2D /* MainScreenDriver.swift in Sources */ = {isa = PBXBuildFile; fileRef = 9D3A6E3B1EEE098000DCFA2D /* MainScreenDriver.swift */; };
		9D3AB7321EA5AD760038988D /* Portal.framework in Frameworks */ = {isa = PBXBuildFile; fileRef = 9D0F333D1E78F81800C65BED /* Portal.framework */; };
		9D3AB7331EA5AD760038988D /* Portal.framework in Embed Frameworks */ = {isa = PBXBuildFile; fileRef = 9D0F333D1E78F81800C65BED /* Portal.framework */; settings = {ATTRIBUTES = (CodeSignOnCopy, RemoveHeadersOnCopy, ); }; };
		9D51994B1F36581B0011E2F2 /* Resources in Resources */ = {isa = PBXBuildFile; fileRef = 9D51994A1F3656ED0011E2F2 /* Resources */; };
		9D7824121E92B9C8004455B1 /* Assets.xcassets in Resources */ = {isa = PBXBuildFile; fileRef = 9D7824111E92B9C8004455B1 /* Assets.xcassets */; };
		9D7824151E92B9C8004455B1 /* LaunchScreen.storyboard in Resources */ = {isa = PBXBuildFile; fileRef = 9D7824131E92B9C8004455B1 /* LaunchScreen.storyboard */; };
		9D78241B1E92BA01004455B1 /* main.swift in Sources */ = {isa = PBXBuildFile; fileRef = 9D78241A1E92BA01004455B1 /* main.swift */; };
		9D78241D1E92BA47004455B1 /* Example.swift in Sources */ = {isa = PBXBuildFile; fileRef = 9D78241C1E92BA47004455B1 /* Example.swift */; };
		9D8C844E1EC655600034C6BC /* CustomView.swift in Sources */ = {isa = PBXBuildFile; fileRef = 9D8C844D1EC655600034C6BC /* CustomView.swift */; };
		9D8C84861ECA3B750034C6BC /* Component.swift in Sources */ = {isa = PBXBuildFile; fileRef = 9D8C84501ECA3B750034C6BC /* Component.swift */; };
		9D8C84871ECA3B750034C6BC /* Button.swift in Sources */ = {isa = PBXBuildFile; fileRef = 9D8C84521ECA3B750034C6BC /* Button.swift */; };
		9D8C84881ECA3B750034C6BC /* Carousel.swift in Sources */ = {isa = PBXBuildFile; fileRef = 9D8C84531ECA3B750034C6BC /* Carousel.swift */; };
		9D8C84891ECA3B750034C6BC /* Collection.swift in Sources */ = {isa = PBXBuildFile; fileRef = 9D8C84541ECA3B750034C6BC /* Collection.swift */; };
		9D8C848A1ECA3B750034C6BC /* Image.swift in Sources */ = {isa = PBXBuildFile; fileRef = 9D8C84551ECA3B750034C6BC /* Image.swift */; };
		9D8C848B1ECA3B750034C6BC /* Label.swift in Sources */ = {isa = PBXBuildFile; fileRef = 9D8C84561ECA3B750034C6BC /* Label.swift */; };
		9D8C848C1ECA3B750034C6BC /* MapView.swift in Sources */ = {isa = PBXBuildFile; fileRef = 9D8C84571ECA3B750034C6BC /* MapView.swift */; };
		9D8C848D1ECA3B750034C6BC /* NavigationBar.swift in Sources */ = {isa = PBXBuildFile; fileRef = 9D8C84581ECA3B750034C6BC /* NavigationBar.swift */; };
		9D8C848E1ECA3B750034C6BC /* Progress.swift in Sources */ = {isa = PBXBuildFile; fileRef = 9D8C84591ECA3B750034C6BC /* Progress.swift */; };
		9D8C848F1ECA3B750034C6BC /* Segmented.swift in Sources */ = {isa = PBXBuildFile; fileRef = 9D8C845A1ECA3B750034C6BC /* Segmented.swift */; };
		9D8C84901ECA3B750034C6BC /* Spinner.swift in Sources */ = {isa = PBXBuildFile; fileRef = 9D8C845B1ECA3B750034C6BC /* Spinner.swift */; };
		9D8C84911ECA3B750034C6BC /* Table.swift in Sources */ = {isa = PBXBuildFile; fileRef = 9D8C845C1ECA3B750034C6BC /* Table.swift */; };
		9D8C84921ECA3B750034C6BC /* TextField.swift in Sources */ = {isa = PBXBuildFile; fileRef = 9D8C845D1ECA3B750034C6BC /* TextField.swift */; };
		9D8C84931ECA3B750034C6BC /* Extensions.swift in Sources */ = {isa = PBXBuildFile; fileRef = 9D8C845E1ECA3B750034C6BC /* Extensions.swift */; };
		9D8C84951ECA3B750034C6BC /* Layout.swift in Sources */ = {isa = PBXBuildFile; fileRef = 9D8C84601ECA3B750034C6BC /* Layout.swift */; };
		9D8C84961ECA3B750034C6BC /* LayoutEngine.swift in Sources */ = {isa = PBXBuildFile; fileRef = 9D8C84611ECA3B750034C6BC /* LayoutEngine.swift */; };
		9D8C84971ECA3B750034C6BC /* Mailbox.swift in Sources */ = {isa = PBXBuildFile; fileRef = 9D8C84621ECA3B750034C6BC /* Mailbox.swift */; };
		9D8C84981ECA3B750034C6BC /* Portal.swift in Sources */ = {isa = PBXBuildFile; fileRef = 9D8C84631ECA3B750034C6BC /* Portal.swift */; };
		9D8C849A1ECA3B750034C6BC /* StyleSheet.swift in Sources */ = {isa = PBXBuildFile; fileRef = 9D8C84651ECA3B750034C6BC /* StyleSheet.swift */; };
		9D8C849B1ECA3B750034C6BC /* MessageDispatcher.swift in Sources */ = {isa = PBXBuildFile; fileRef = 9D8C84671ECA3B750034C6BC /* MessageDispatcher.swift */; };
		9D8C849C1ECA3B750034C6BC /* PortalCarouselView.swift in Sources */ = {isa = PBXBuildFile; fileRef = 9D8C84681ECA3B750034C6BC /* PortalCarouselView.swift */; };
		9D8C849D1ECA3B750034C6BC /* PortalCollectionView.swift in Sources */ = {isa = PBXBuildFile; fileRef = 9D8C84691ECA3B750034C6BC /* PortalCollectionView.swift */; };
		9D8C849E1ECA3B750034C6BC /* PortalCollectionViewCell.swift in Sources */ = {isa = PBXBuildFile; fileRef = 9D8C846A1ECA3B750034C6BC /* PortalCollectionViewCell.swift */; };
		9D8C849F1ECA3B750034C6BC /* PortalMapView.swift in Sources */ = {isa = PBXBuildFile; fileRef = 9D8C846B1ECA3B750034C6BC /* PortalMapView.swift */; };
		9D8C84A01ECA3B750034C6BC /* PortalNavigationController.swift in Sources */ = {isa = PBXBuildFile; fileRef = 9D8C846C1ECA3B750034C6BC /* PortalNavigationController.swift */; };
		9D8C84A11ECA3B750034C6BC /* PortalTableView.swift in Sources */ = {isa = PBXBuildFile; fileRef = 9D8C846D1ECA3B750034C6BC /* PortalTableView.swift */; };
		9D8C84A21ECA3B750034C6BC /* PortalTableViewCell.swift in Sources */ = {isa = PBXBuildFile; fileRef = 9D8C846E1ECA3B750034C6BC /* PortalTableViewCell.swift */; };
		9D8C84A31ECA3B750034C6BC /* PortalViewController.swift in Sources */ = {isa = PBXBuildFile; fileRef = 9D8C846F1ECA3B750034C6BC /* PortalViewController.swift */; };
		9D8C84A41ECA3B750034C6BC /* ButtonRenderer.swift in Sources */ = {isa = PBXBuildFile; fileRef = 9D8C84711ECA3B750034C6BC /* ButtonRenderer.swift */; };
		9D8C84A51ECA3B750034C6BC /* CarouselRenderer.swift in Sources */ = {isa = PBXBuildFile; fileRef = 9D8C84721ECA3B750034C6BC /* CarouselRenderer.swift */; };
		9D8C84A61ECA3B750034C6BC /* CollectionRenderer.swift in Sources */ = {isa = PBXBuildFile; fileRef = 9D8C84731ECA3B750034C6BC /* CollectionRenderer.swift */; };
		9D8C84A71ECA3B750034C6BC /* ComponentRenderer.swift in Sources */ = {isa = PBXBuildFile; fileRef = 9D8C84741ECA3B750034C6BC /* ComponentRenderer.swift */; };
		9D8C84A81ECA3B750034C6BC /* ContainerRenderer.swift in Sources */ = {isa = PBXBuildFile; fileRef = 9D8C84751ECA3B750034C6BC /* ContainerRenderer.swift */; };
		9D8C84A91ECA3B750034C6BC /* FontRenderer.swift in Sources */ = {isa = PBXBuildFile; fileRef = 9D8C84761ECA3B750034C6BC /* FontRenderer.swift */; };
		9D8C84AA1ECA3B750034C6BC /* ImageViewRenderer.swift in Sources */ = {isa = PBXBuildFile; fileRef = 9D8C84771ECA3B750034C6BC /* ImageViewRenderer.swift */; };
		9D8C84AB1ECA3B750034C6BC /* LabelRenderer.swift in Sources */ = {isa = PBXBuildFile; fileRef = 9D8C84781ECA3B750034C6BC /* LabelRenderer.swift */; };
		9D8C84AC1ECA3B750034C6BC /* MapViewRenderer.swift in Sources */ = {isa = PBXBuildFile; fileRef = 9D8C84791ECA3B750034C6BC /* MapViewRenderer.swift */; };
		9D8C84AD1ECA3B750034C6BC /* NavigationBarTitleRenderer.swift in Sources */ = {isa = PBXBuildFile; fileRef = 9D8C847A1ECA3B750034C6BC /* NavigationBarTitleRenderer.swift */; };
		9D8C84AE1ECA3B750034C6BC /* ProgressRenderer.swift in Sources */ = {isa = PBXBuildFile; fileRef = 9D8C847B1ECA3B750034C6BC /* ProgressRenderer.swift */; };
		9D8C84AF1ECA3B750034C6BC /* SegmentedRenderer.swift in Sources */ = {isa = PBXBuildFile; fileRef = 9D8C847C1ECA3B750034C6BC /* SegmentedRenderer.swift */; };
		9D8C84B01ECA3B750034C6BC /* SpinnerRenderer.swift in Sources */ = {isa = PBXBuildFile; fileRef = 9D8C847D1ECA3B750034C6BC /* SpinnerRenderer.swift */; };
		9D8C84B11ECA3B750034C6BC /* TableRenderer.swift in Sources */ = {isa = PBXBuildFile; fileRef = 9D8C847E1ECA3B750034C6BC /* TableRenderer.swift */; };
		9D8C84B21ECA3B750034C6BC /* TextFieldRenderer.swift in Sources */ = {isa = PBXBuildFile; fileRef = 9D8C847F1ECA3B750034C6BC /* TextFieldRenderer.swift */; };
		9D8C84B31ECA3B750034C6BC /* TouchableRenderer.swift in Sources */ = {isa = PBXBuildFile; fileRef = 9D8C84801ECA3B750034C6BC /* TouchableRenderer.swift */; };
		9D8C84B51ECA3B750034C6BC /* UIKitRenderable.swift in Sources */ = {isa = PBXBuildFile; fileRef = 9D8C84821ECA3B750034C6BC /* UIKitRenderable.swift */; };
		9D8C84B61ECA3B750034C6BC /* UIKitRenderer.swift in Sources */ = {isa = PBXBuildFile; fileRef = 9D8C84831ECA3B750034C6BC /* UIKitRenderer.swift */; };
		9D8C84B71ECA3B750034C6BC /* UIViewExtensions.swift in Sources */ = {isa = PBXBuildFile; fileRef = 9D8C84841ECA3B750034C6BC /* UIViewExtensions.swift */; };
		9D8C84B81ECA3B750034C6BC /* ZipList.swift in Sources */ = {isa = PBXBuildFile; fileRef = 9D8C84851ECA3B750034C6BC /* ZipList.swift */; };
		9D8C84E81ECA3C4D0034C6BC /* YGEnums.h in Headers */ = {isa = PBXBuildFile; fileRef = 9D8C84BB1ECA3C4D0034C6BC /* YGEnums.h */; settings = {ATTRIBUTES = (Public, ); }; };
		9D8C84E91ECA3C4D0034C6BC /* YGMacros.h in Headers */ = {isa = PBXBuildFile; fileRef = 9D8C84BC1ECA3C4D0034C6BC /* YGMacros.h */; settings = {ATTRIBUTES = (Public, ); }; };
		9D8C84EA1ECA3C4D0034C6BC /* YGNodeList.c in Sources */ = {isa = PBXBuildFile; fileRef = 9D8C84BD1ECA3C4D0034C6BC /* YGNodeList.c */; };
		9D8C84EB1ECA3C4D0034C6BC /* YGNodeList.h in Headers */ = {isa = PBXBuildFile; fileRef = 9D8C84BE1ECA3C4D0034C6BC /* YGNodeList.h */; settings = {ATTRIBUTES = (Public, ); }; };
		9D8C84EC1ECA3C4D0034C6BC /* Yoga.c in Sources */ = {isa = PBXBuildFile; fileRef = 9D8C84BF1ECA3C4D0034C6BC /* Yoga.c */; };
		9D8C84ED1ECA3C4D0034C6BC /* Yoga.h in Headers */ = {isa = PBXBuildFile; fileRef = 9D8C84C01ECA3C4D0034C6BC /* Yoga.h */; settings = {ATTRIBUTES = (Public, ); }; };
		9D8C85181ECA3C990034C6BC /* UIView+Yoga.h in Headers */ = {isa = PBXBuildFile; fileRef = 9D8C85131ECA3C990034C6BC /* UIView+Yoga.h */; settings = {ATTRIBUTES = (Public, ); }; };
		9D8C85191ECA3C990034C6BC /* UIView+Yoga.m in Sources */ = {isa = PBXBuildFile; fileRef = 9D8C85141ECA3C990034C6BC /* UIView+Yoga.m */; };
		9D8C851A1ECA3C990034C6BC /* YGLayout.h in Headers */ = {isa = PBXBuildFile; fileRef = 9D8C85151ECA3C990034C6BC /* YGLayout.h */; settings = {ATTRIBUTES = (Public, ); }; };
		9D8C851B1ECA3C990034C6BC /* YGLayout.m in Sources */ = {isa = PBXBuildFile; fileRef = 9D8C85161ECA3C990034C6BC /* YGLayout.m */; };
		9D8C851C1ECA3C990034C6BC /* YGLayout+Private.h in Headers */ = {isa = PBXBuildFile; fileRef = 9D8C85171ECA3C990034C6BC /* YGLayout+Private.h */; };
		9D93F2231E9D6EFB00B36914 /* CustomView.xib in Resources */ = {isa = PBXBuildFile; fileRef = 9D93F2211E9D67E700B36914 /* CustomView.xib */; };
		9DBA4A061EA81CBE000DE6B7 /* StatePersistor.swift in Sources */ = {isa = PBXBuildFile; fileRef = 9DBA4A041EA81CBE000DE6B7 /* StatePersistor.swift */; };
		9DBA4A071EA81CBE000DE6B7 /* TimeLogger.swift in Sources */ = {isa = PBXBuildFile; fileRef = 9DBA4A051EA81CBE000DE6B7 /* TimeLogger.swift */; };
		9DBE01D61E80EB4F005FF907 /* Middleware.swift in Sources */ = {isa = PBXBuildFile; fileRef = 9DBE01D51E80EB4F005FF907 /* Middleware.swift */; };
		9DD2FED51F353D85007D3606 /* AutoEquatable.generated.swift in Sources */ = {isa = PBXBuildFile; fileRef = 9DD2FED31F353D85007D3606 /* AutoEquatable.generated.swift */; };
		9DD2FED61F353D85007D3606 /* AutoPropertyDiffable.generated.swift in Sources */ = {isa = PBXBuildFile; fileRef = 9DD2FED41F353D85007D3606 /* AutoPropertyDiffable.generated.swift */; };
		9DD2FEDB1F361F78007D3606 /* ButtonRendererSpec.swift in Sources */ = {isa = PBXBuildFile; fileRef = 9DD2FEDA1F361F78007D3606 /* ButtonRendererSpec.swift */; };
		9DD2FEDE1F3621D9007D3606 /* Quick.framework in Frameworks */ = {isa = PBXBuildFile; fileRef = 9DD2FEDC1F3621D9007D3606 /* Quick.framework */; };
		9DD2FEDF1F3621D9007D3606 /* Nimble.framework in Frameworks */ = {isa = PBXBuildFile; fileRef = 9DD2FEDD1F3621D9007D3606 /* Nimble.framework */; };
		9DD2FEE11F362201007D3606 /* Quick.framework in CopyFiles */ = {isa = PBXBuildFile; fileRef = 9DD2FEDC1F3621D9007D3606 /* Quick.framework */; settings = {ATTRIBUTES = (CodeSignOnCopy, RemoveHeadersOnCopy, ); }; };
		9DD2FEE21F362201007D3606 /* Nimble.framework in CopyFiles */ = {isa = PBXBuildFile; fileRef = 9DD2FEDD1F3621D9007D3606 /* Nimble.framework */; settings = {ATTRIBUTES = (CodeSignOnCopy, RemoveHeadersOnCopy, ); }; };
		9DDF07921E94296500ABEB33 /* ApplicationRunner.swift in Sources */ = {isa = PBXBuildFile; fileRef = 9DDF07911E94296500ABEB33 /* ApplicationRunner.swift */; };
		9DDF07951E94377700ABEB33 /* Subscription.swift in Sources */ = {isa = PBXBuildFile; fileRef = 9DDF07941E94377700ABEB33 /* Subscription.swift */; };
		9DDF07991E952E0100ABEB33 /* Timer.swift in Sources */ = {isa = PBXBuildFile; fileRef = 9DDF07981E952E0100ABEB33 /* Timer.swift */; };
		D802989E1F1EA74200436C6C /* TextView.swift in Sources */ = {isa = PBXBuildFile; fileRef = D802989D1F1EA74200436C6C /* TextView.swift */; };
		D80298A01F1EAA9D00436C6C /* TextViewRenderer.swift in Sources */ = {isa = PBXBuildFile; fileRef = D802989F1F1EAA9D00436C6C /* TextViewRenderer.swift */; };
		D82F84EB1F152881007A4016 /* Shadow.swift in Sources */ = {isa = PBXBuildFile; fileRef = D82F84EA1F152881007A4016 /* Shadow.swift */; };
/* End PBXBuildFile section */

/* Begin PBXContainerItemProxy section */
		9D0F33481E78F81800C65BED /* PBXContainerItemProxy */ = {
			isa = PBXContainerItemProxy;
			containerPortal = 9D0F33341E78F81800C65BED /* Project object */;
			proxyType = 1;
			remoteGlobalIDString = 9D0F333C1E78F81800C65BED;
			remoteInfo = Portal;
		};
		9D3A6E311EEE007200DCFA2D /* PBXContainerItemProxy */ = {
			isa = PBXContainerItemProxy;
			containerPortal = 9D0F33341E78F81800C65BED /* Project object */;
			proxyType = 1;
			remoteGlobalIDString = 9D7824071E92B9C7004455B1;
			remoteInfo = PortalExample;
		};
		9D3AB7341EA5AD760038988D /* PBXContainerItemProxy */ = {
			isa = PBXContainerItemProxy;
			containerPortal = 9D0F33341E78F81800C65BED /* Project object */;
			proxyType = 1;
			remoteGlobalIDString = 9D0F333C1E78F81800C65BED;
			remoteInfo = Portal;
		};
		9D5199471F36532A0011E2F2 /* PBXContainerItemProxy */ = {
			isa = PBXContainerItemProxy;
			containerPortal = 9D0F33341E78F81800C65BED /* Project object */;
			proxyType = 1;
			remoteGlobalIDString = 9D7824071E92B9C7004455B1;
			remoteInfo = PortalExample;
		};
/* End PBXContainerItemProxy section */

/* Begin PBXCopyFilesBuildPhase section */
		9D3AB7391EA5AD760038988D /* Embed Frameworks */ = {
			isa = PBXCopyFilesBuildPhase;
			buildActionMask = 2147483647;
			dstPath = "";
			dstSubfolderSpec = 10;
			files = (
				9D3AB7331EA5AD760038988D /* Portal.framework in Embed Frameworks */,
			);
			name = "Embed Frameworks";
			runOnlyForDeploymentPostprocessing = 0;
		};
		9DD2FEE01F3621E9007D3606 /* CopyFiles */ = {
			isa = PBXCopyFilesBuildPhase;
			buildActionMask = 2147483647;
			dstPath = "";
			dstSubfolderSpec = 10;
			files = (
				9DD2FEE11F362201007D3606 /* Quick.framework in CopyFiles */,
				9DD2FEE21F362201007D3606 /* Nimble.framework in CopyFiles */,
			);
			runOnlyForDeploymentPostprocessing = 0;
		};
/* End PBXCopyFilesBuildPhase section */

/* Begin PBXFileReference section */
		46485D9F1F4F0C9E0033C204 /* TextFieldRendererSpec.swift */ = {isa = PBXFileReference; lastKnownFileType = sourcecode.swift; path = TextFieldRendererSpec.swift; sourceTree = "<group>"; };
		46485DA51F5458920033C204 /* TextViewRendererSpec.swift */ = {isa = PBXFileReference; lastKnownFileType = sourcecode.swift; path = TextViewRendererSpec.swift; sourceTree = "<group>"; };
		46485DA71F55D09E0033C204 /* MessageProducer.swift */ = {isa = PBXFileReference; fileEncoding = 4; lastKnownFileType = sourcecode.swift; path = MessageProducer.swift; sourceTree = "<group>"; };
		464955611F55E8B20079ABD8 /* ImageViewRendererSpec.swift */ = {isa = PBXFileReference; lastKnownFileType = sourcecode.swift; path = ImageViewRendererSpec.swift; sourceTree = "<group>"; };
		464955631F55FAD50079ABD8 /* PropertyChange.swift */ = {isa = PBXFileReference; lastKnownFileType = sourcecode.swift; path = PropertyChange.swift; sourceTree = "<group>"; };
		464955651F560A520079ABD8 /* CollectionScreen.swift */ = {isa = PBXFileReference; lastKnownFileType = sourcecode.swift; path = CollectionScreen.swift; sourceTree = "<group>"; };
		4684AEF11F60799F00D29431 /* TableScreen.swift */ = {isa = PBXFileReference; lastKnownFileType = sourcecode.swift; path = TableScreen.swift; sourceTree = "<group>"; };
		4684AEF41F63048B00D29431 /* CollectionRendererSpec.swift */ = {isa = PBXFileReference; lastKnownFileType = sourcecode.swift; path = CollectionRendererSpec.swift; sourceTree = "<group>"; };
		4684AEF61F631ED200D29431 /* CarouselScreen.swift */ = {isa = PBXFileReference; lastKnownFileType = sourcecode.swift; path = CarouselScreen.swift; sourceTree = "<group>"; };
		4684AEF81F63348300D29431 /* CarouselRendererSpec.swift */ = {isa = PBXFileReference; lastKnownFileType = sourcecode.swift; path = CarouselRendererSpec.swift; sourceTree = "<group>"; };
		469C4B541F56212D00C6D468 /* MapViewRendererSpec.swift */ = {isa = PBXFileReference; lastKnownFileType = sourcecode.swift; path = MapViewRendererSpec.swift; sourceTree = "<group>"; };
		469C4B561F582B4000C6D468 /* ExamplesView.swift */ = {isa = PBXFileReference; lastKnownFileType = sourcecode.swift; path = ExamplesView.swift; sourceTree = "<group>"; };
		46A95EDF1F58348A0051C302 /* TextFieldScreen.swift */ = {isa = PBXFileReference; lastKnownFileType = sourcecode.swift; path = TextFieldScreen.swift; sourceTree = "<group>"; };
		46A95EE11F5835470051C302 /* TextViewScreen.swift */ = {isa = PBXFileReference; lastKnownFileType = sourcecode.swift; path = TextViewScreen.swift; sourceTree = "<group>"; };
		46A95EE31F584C8C0051C302 /* ImageScreen.swift */ = {isa = PBXFileReference; lastKnownFileType = sourcecode.swift; path = ImageScreen.swift; sourceTree = "<group>"; };
		46A95EE51F58515D0051C302 /* MapScreen.swift */ = {isa = PBXFileReference; lastKnownFileType = sourcecode.swift; path = MapScreen.swift; sourceTree = "<group>"; };
		46A95EE71F5869070051C302 /* ProgressScreen.swift */ = {isa = PBXFileReference; lastKnownFileType = sourcecode.swift; path = ProgressScreen.swift; sourceTree = "<group>"; };
		46A95EE91F59ECA90051C302 /* PorgressRenderSpec.swift */ = {isa = PBXFileReference; lastKnownFileType = sourcecode.swift; path = PorgressRenderSpec.swift; sourceTree = "<group>"; };
		46A95EEB1F5A05FE0051C302 /* SegmentedScreen.swift */ = {isa = PBXFileReference; lastKnownFileType = sourcecode.swift; path = SegmentedScreen.swift; sourceTree = "<group>"; };
		46E6702D1F5EF61C004F54C8 /* SpinnerScreen.swift */ = {isa = PBXFileReference; lastKnownFileType = sourcecode.swift; path = SpinnerScreen.swift; sourceTree = "<group>"; };
		46E6702F1F5EF7B8004F54C8 /* SpinnerRenderSpec.swift */ = {isa = PBXFileReference; lastKnownFileType = sourcecode.swift; path = SpinnerRenderSpec.swift; sourceTree = "<group>"; };
		46FAB5581F5F2BFD0094DEA3 /* SegmentedRendererSpec.swift */ = {isa = PBXFileReference; lastKnownFileType = sourcecode.swift; path = SegmentedRendererSpec.swift; sourceTree = "<group>"; };
		46FAB55A1F5F477E0094DEA3 /* TableRendererSpec.swift */ = {isa = PBXFileReference; lastKnownFileType = sourcecode.swift; path = TableRendererSpec.swift; sourceTree = "<group>"; };
		46FAB55D1F5F4EDD0094DEA3 /* MockContainerController.swift */ = {isa = PBXFileReference; lastKnownFileType = sourcecode.swift; path = MockContainerController.swift; sourceTree = "<group>"; };
		46FAB55F1F5F4F8D0094DEA3 /* MockRoute.swift */ = {isa = PBXFileReference; lastKnownFileType = sourcecode.swift; path = MockRoute.swift; sourceTree = "<group>"; };
		9D0F333D1E78F81800C65BED /* Portal.framework */ = {isa = PBXFileReference; explicitFileType = wrapper.framework; includeInIndex = 0; path = Portal.framework; sourceTree = BUILT_PRODUCTS_DIR; };
		9D0F33401E78F81800C65BED /* Portal.h */ = {isa = PBXFileReference; lastKnownFileType = sourcecode.c.h; path = Portal.h; sourceTree = "<group>"; };
		9D0F33411E78F81800C65BED /* Info.plist */ = {isa = PBXFileReference; lastKnownFileType = text.plist.xml; path = Info.plist; sourceTree = "<group>"; };
		9D0F33461E78F81800C65BED /* PortalTests.xctest */ = {isa = PBXFileReference; explicitFileType = wrapper.cfbundle; includeInIndex = 0; path = PortalTests.xctest; sourceTree = BUILT_PRODUCTS_DIR; };
		9D0F334D1E78F81800C65BED /* Info.plist */ = {isa = PBXFileReference; lastKnownFileType = text.plist.xml; path = Info.plist; sourceTree = "<group>"; };
		9D0F33611E78F97800C65BED /* PortalUIApplication.swift */ = {isa = PBXFileReference; fileEncoding = 4; lastKnownFileType = sourcecode.swift; name = PortalUIApplication.swift; path = UIKit/PortalUIApplication.swift; sourceTree = "<group>"; };
		9D0F33631E78F9BB00C65BED /* Application.swift */ = {isa = PBXFileReference; fileEncoding = 4; lastKnownFileType = sourcecode.swift; path = Application.swift; sourceTree = "<group>"; };
		9D0F33651E79071100C65BED /* UIKitApplicationRenderer.swift */ = {isa = PBXFileReference; fileEncoding = 4; lastKnownFileType = sourcecode.swift; name = UIKitApplicationRenderer.swift; path = UIKit/UIKitApplicationRenderer.swift; sourceTree = "<group>"; };
		9D2143CA1F35203E007D25D5 /* AutoProtocols.swift */ = {isa = PBXFileReference; lastKnownFileType = sourcecode.swift; path = AutoProtocols.swift; sourceTree = "<group>"; };
		9D3A6E121EECB8FE00DCFA2D /* Effects.swift */ = {isa = PBXFileReference; lastKnownFileType = sourcecode.swift; path = Effects.swift; sourceTree = "<group>"; };
		9D3A6E171EECBA3F00DCFA2D /* Shared.swift */ = {isa = PBXFileReference; lastKnownFileType = sourcecode.swift; path = Shared.swift; sourceTree = "<group>"; };
		9D3A6E191EECBB1F00DCFA2D /* ModalScreen.swift */ = {isa = PBXFileReference; lastKnownFileType = sourcecode.swift; path = ModalScreen.swift; sourceTree = "<group>"; };
		9D3A6E1B1EECBBC000DCFA2D /* LandscapeScreen.swift */ = {isa = PBXFileReference; lastKnownFileType = sourcecode.swift; path = LandscapeScreen.swift; sourceTree = "<group>"; };
		9D3A6E1D1EECBC4900DCFA2D /* DetailScreen.swift */ = {isa = PBXFileReference; lastKnownFileType = sourcecode.swift; path = DetailScreen.swift; sourceTree = "<group>"; };
		9D3A6E1F1EECBCF000DCFA2D /* DefaultScreen.swift */ = {isa = PBXFileReference; lastKnownFileType = sourcecode.swift; path = DefaultScreen.swift; sourceTree = "<group>"; };
		9D3A6E211EECBE3D00DCFA2D /* MainScreen.swift */ = {isa = PBXFileReference; lastKnownFileType = sourcecode.swift; path = MainScreen.swift; sourceTree = "<group>"; };
		9D3A6E241EECC9A500DCFA2D /* CustomComponentRenderer.swift */ = {isa = PBXFileReference; lastKnownFileType = sourcecode.swift; path = CustomComponentRenderer.swift; sourceTree = "<group>"; };
		9D3A6E261EECC9BF00DCFA2D /* CustomController.swift */ = {isa = PBXFileReference; lastKnownFileType = sourcecode.swift; path = CustomController.swift; sourceTree = "<group>"; };
		9D3A6E2C1EEE007200DCFA2D /* PortalExampleUITests.xctest */ = {isa = PBXFileReference; explicitFileType = wrapper.cfbundle; includeInIndex = 0; path = PortalExampleUITests.xctest; sourceTree = BUILT_PRODUCTS_DIR; };
		9D3A6E2E1EEE007200DCFA2D /* PortalExampleUITests.swift */ = {isa = PBXFileReference; lastKnownFileType = sourcecode.swift; path = PortalExampleUITests.swift; sourceTree = "<group>"; };
		9D3A6E301EEE007200DCFA2D /* Info.plist */ = {isa = PBXFileReference; lastKnownFileType = text.plist.xml; path = Info.plist; sourceTree = "<group>"; };
		9D3A6E361EEE065000DCFA2D /* PortalExampleApplication.swift */ = {isa = PBXFileReference; lastKnownFileType = sourcecode.swift; path = PortalExampleApplication.swift; sourceTree = "<group>"; };
		9D3A6E391EEE07F100DCFA2D /* ModalScreenDriver.swift */ = {isa = PBXFileReference; lastKnownFileType = sourcecode.swift; path = ModalScreenDriver.swift; sourceTree = "<group>"; };
		9D3A6E3B1EEE098000DCFA2D /* MainScreenDriver.swift */ = {isa = PBXFileReference; lastKnownFileType = sourcecode.swift; path = MainScreenDriver.swift; sourceTree = "<group>"; };
		9D3AB7361EA5AD760038988D /* PortalView.framework */ = {isa = PBXFileReference; explicitFileType = wrapper.framework; path = PortalView.framework; sourceTree = BUILT_PRODUCTS_DIR; };
		9D3AB73A1EA5AD950038988D /* YogaKit.framework */ = {isa = PBXFileReference; lastKnownFileType = wrapper.framework; name = YogaKit.framework; path = Carthage/Build/iOS/YogaKit.framework; sourceTree = "<group>"; };
		9D51994A1F3656ED0011E2F2 /* Resources */ = {isa = PBXFileReference; lastKnownFileType = folder; path = Resources; sourceTree = "<group>"; };
		9D7824081E92B9C7004455B1 /* PortalExample.app */ = {isa = PBXFileReference; explicitFileType = wrapper.application; includeInIndex = 0; path = PortalExample.app; sourceTree = BUILT_PRODUCTS_DIR; };
		9D7824111E92B9C8004455B1 /* Assets.xcassets */ = {isa = PBXFileReference; lastKnownFileType = folder.assetcatalog; path = Assets.xcassets; sourceTree = "<group>"; };
		9D7824141E92B9C8004455B1 /* Base */ = {isa = PBXFileReference; lastKnownFileType = file.storyboard; name = Base; path = Base.lproj/LaunchScreen.storyboard; sourceTree = "<group>"; };
		9D7824161E92B9C8004455B1 /* Info.plist */ = {isa = PBXFileReference; lastKnownFileType = text.plist.xml; path = Info.plist; sourceTree = "<group>"; };
		9D78241A1E92BA01004455B1 /* main.swift */ = {isa = PBXFileReference; fileEncoding = 4; lastKnownFileType = sourcecode.swift; path = main.swift; sourceTree = "<group>"; };
		9D78241C1E92BA47004455B1 /* Example.swift */ = {isa = PBXFileReference; fileEncoding = 4; lastKnownFileType = sourcecode.swift; path = Example.swift; sourceTree = "<group>"; };
		9D8C844D1EC655600034C6BC /* CustomView.swift */ = {isa = PBXFileReference; fileEncoding = 4; lastKnownFileType = sourcecode.swift; path = CustomView.swift; sourceTree = "<group>"; };
		9D8C84501ECA3B750034C6BC /* Component.swift */ = {isa = PBXFileReference; fileEncoding = 4; lastKnownFileType = sourcecode.swift; path = Component.swift; sourceTree = "<group>"; };
		9D8C84521ECA3B750034C6BC /* Button.swift */ = {isa = PBXFileReference; fileEncoding = 4; lastKnownFileType = sourcecode.swift; path = Button.swift; sourceTree = "<group>"; };
		9D8C84531ECA3B750034C6BC /* Carousel.swift */ = {isa = PBXFileReference; fileEncoding = 4; lastKnownFileType = sourcecode.swift; path = Carousel.swift; sourceTree = "<group>"; };
		9D8C84541ECA3B750034C6BC /* Collection.swift */ = {isa = PBXFileReference; fileEncoding = 4; lastKnownFileType = sourcecode.swift; path = Collection.swift; sourceTree = "<group>"; };
		9D8C84551ECA3B750034C6BC /* Image.swift */ = {isa = PBXFileReference; fileEncoding = 4; lastKnownFileType = sourcecode.swift; path = Image.swift; sourceTree = "<group>"; };
		9D8C84561ECA3B750034C6BC /* Label.swift */ = {isa = PBXFileReference; fileEncoding = 4; lastKnownFileType = sourcecode.swift; path = Label.swift; sourceTree = "<group>"; };
		9D8C84571ECA3B750034C6BC /* MapView.swift */ = {isa = PBXFileReference; fileEncoding = 4; lastKnownFileType = sourcecode.swift; path = MapView.swift; sourceTree = "<group>"; };
		9D8C84581ECA3B750034C6BC /* NavigationBar.swift */ = {isa = PBXFileReference; fileEncoding = 4; lastKnownFileType = sourcecode.swift; path = NavigationBar.swift; sourceTree = "<group>"; };
		9D8C84591ECA3B750034C6BC /* Progress.swift */ = {isa = PBXFileReference; fileEncoding = 4; lastKnownFileType = sourcecode.swift; path = Progress.swift; sourceTree = "<group>"; };
		9D8C845A1ECA3B750034C6BC /* Segmented.swift */ = {isa = PBXFileReference; fileEncoding = 4; lastKnownFileType = sourcecode.swift; path = Segmented.swift; sourceTree = "<group>"; };
		9D8C845B1ECA3B750034C6BC /* Spinner.swift */ = {isa = PBXFileReference; fileEncoding = 4; lastKnownFileType = sourcecode.swift; path = Spinner.swift; sourceTree = "<group>"; };
		9D8C845C1ECA3B750034C6BC /* Table.swift */ = {isa = PBXFileReference; fileEncoding = 4; lastKnownFileType = sourcecode.swift; path = Table.swift; sourceTree = "<group>"; };
		9D8C845D1ECA3B750034C6BC /* TextField.swift */ = {isa = PBXFileReference; fileEncoding = 4; lastKnownFileType = sourcecode.swift; path = TextField.swift; sourceTree = "<group>"; };
		9D8C845E1ECA3B750034C6BC /* Extensions.swift */ = {isa = PBXFileReference; fileEncoding = 4; lastKnownFileType = sourcecode.swift; path = Extensions.swift; sourceTree = "<group>"; };
		9D8C84601ECA3B750034C6BC /* Layout.swift */ = {isa = PBXFileReference; fileEncoding = 4; lastKnownFileType = sourcecode.swift; path = Layout.swift; sourceTree = "<group>"; };
		9D8C84611ECA3B750034C6BC /* LayoutEngine.swift */ = {isa = PBXFileReference; fileEncoding = 4; lastKnownFileType = sourcecode.swift; path = LayoutEngine.swift; sourceTree = "<group>"; };
		9D8C84621ECA3B750034C6BC /* Mailbox.swift */ = {isa = PBXFileReference; fileEncoding = 4; lastKnownFileType = sourcecode.swift; path = Mailbox.swift; sourceTree = "<group>"; };
		9D8C84631ECA3B750034C6BC /* Portal.swift */ = {isa = PBXFileReference; fileEncoding = 4; lastKnownFileType = sourcecode.swift; path = Portal.swift; sourceTree = "<group>"; };
		9D8C84651ECA3B750034C6BC /* StyleSheet.swift */ = {isa = PBXFileReference; fileEncoding = 4; lastKnownFileType = sourcecode.swift; path = StyleSheet.swift; sourceTree = "<group>"; };
		9D8C84671ECA3B750034C6BC /* MessageDispatcher.swift */ = {isa = PBXFileReference; fileEncoding = 4; lastKnownFileType = sourcecode.swift; path = MessageDispatcher.swift; sourceTree = "<group>"; };
		9D8C84681ECA3B750034C6BC /* PortalCarouselView.swift */ = {isa = PBXFileReference; fileEncoding = 4; lastKnownFileType = sourcecode.swift; path = PortalCarouselView.swift; sourceTree = "<group>"; };
		9D8C84691ECA3B750034C6BC /* PortalCollectionView.swift */ = {isa = PBXFileReference; fileEncoding = 4; lastKnownFileType = sourcecode.swift; path = PortalCollectionView.swift; sourceTree = "<group>"; };
		9D8C846A1ECA3B750034C6BC /* PortalCollectionViewCell.swift */ = {isa = PBXFileReference; fileEncoding = 4; lastKnownFileType = sourcecode.swift; path = PortalCollectionViewCell.swift; sourceTree = "<group>"; };
		9D8C846B1ECA3B750034C6BC /* PortalMapView.swift */ = {isa = PBXFileReference; fileEncoding = 4; lastKnownFileType = sourcecode.swift; path = PortalMapView.swift; sourceTree = "<group>"; };
		9D8C846C1ECA3B750034C6BC /* PortalNavigationController.swift */ = {isa = PBXFileReference; fileEncoding = 4; lastKnownFileType = sourcecode.swift; path = PortalNavigationController.swift; sourceTree = "<group>"; };
		9D8C846D1ECA3B750034C6BC /* PortalTableView.swift */ = {isa = PBXFileReference; fileEncoding = 4; lastKnownFileType = sourcecode.swift; path = PortalTableView.swift; sourceTree = "<group>"; };
		9D8C846E1ECA3B750034C6BC /* PortalTableViewCell.swift */ = {isa = PBXFileReference; fileEncoding = 4; lastKnownFileType = sourcecode.swift; path = PortalTableViewCell.swift; sourceTree = "<group>"; };
		9D8C846F1ECA3B750034C6BC /* PortalViewController.swift */ = {isa = PBXFileReference; fileEncoding = 4; lastKnownFileType = sourcecode.swift; path = PortalViewController.swift; sourceTree = "<group>"; };
		9D8C84711ECA3B750034C6BC /* ButtonRenderer.swift */ = {isa = PBXFileReference; fileEncoding = 4; lastKnownFileType = sourcecode.swift; path = ButtonRenderer.swift; sourceTree = "<group>"; };
		9D8C84721ECA3B750034C6BC /* CarouselRenderer.swift */ = {isa = PBXFileReference; fileEncoding = 4; lastKnownFileType = sourcecode.swift; path = CarouselRenderer.swift; sourceTree = "<group>"; };
		9D8C84731ECA3B750034C6BC /* CollectionRenderer.swift */ = {isa = PBXFileReference; fileEncoding = 4; lastKnownFileType = sourcecode.swift; path = CollectionRenderer.swift; sourceTree = "<group>"; };
		9D8C84741ECA3B750034C6BC /* ComponentRenderer.swift */ = {isa = PBXFileReference; fileEncoding = 4; lastKnownFileType = sourcecode.swift; path = ComponentRenderer.swift; sourceTree = "<group>"; };
		9D8C84751ECA3B750034C6BC /* ContainerRenderer.swift */ = {isa = PBXFileReference; fileEncoding = 4; lastKnownFileType = sourcecode.swift; path = ContainerRenderer.swift; sourceTree = "<group>"; };
		9D8C84761ECA3B750034C6BC /* FontRenderer.swift */ = {isa = PBXFileReference; fileEncoding = 4; lastKnownFileType = sourcecode.swift; path = FontRenderer.swift; sourceTree = "<group>"; };
		9D8C84771ECA3B750034C6BC /* ImageViewRenderer.swift */ = {isa = PBXFileReference; fileEncoding = 4; lastKnownFileType = sourcecode.swift; path = ImageViewRenderer.swift; sourceTree = "<group>"; };
		9D8C84781ECA3B750034C6BC /* LabelRenderer.swift */ = {isa = PBXFileReference; fileEncoding = 4; lastKnownFileType = sourcecode.swift; path = LabelRenderer.swift; sourceTree = "<group>"; };
		9D8C84791ECA3B750034C6BC /* MapViewRenderer.swift */ = {isa = PBXFileReference; fileEncoding = 4; lastKnownFileType = sourcecode.swift; path = MapViewRenderer.swift; sourceTree = "<group>"; };
		9D8C847A1ECA3B750034C6BC /* NavigationBarTitleRenderer.swift */ = {isa = PBXFileReference; fileEncoding = 4; lastKnownFileType = sourcecode.swift; path = NavigationBarTitleRenderer.swift; sourceTree = "<group>"; };
		9D8C847B1ECA3B750034C6BC /* ProgressRenderer.swift */ = {isa = PBXFileReference; fileEncoding = 4; lastKnownFileType = sourcecode.swift; path = ProgressRenderer.swift; sourceTree = "<group>"; };
		9D8C847C1ECA3B750034C6BC /* SegmentedRenderer.swift */ = {isa = PBXFileReference; fileEncoding = 4; lastKnownFileType = sourcecode.swift; path = SegmentedRenderer.swift; sourceTree = "<group>"; };
		9D8C847D1ECA3B750034C6BC /* SpinnerRenderer.swift */ = {isa = PBXFileReference; fileEncoding = 4; lastKnownFileType = sourcecode.swift; path = SpinnerRenderer.swift; sourceTree = "<group>"; };
		9D8C847E1ECA3B750034C6BC /* TableRenderer.swift */ = {isa = PBXFileReference; fileEncoding = 4; lastKnownFileType = sourcecode.swift; path = TableRenderer.swift; sourceTree = "<group>"; };
		9D8C847F1ECA3B750034C6BC /* TextFieldRenderer.swift */ = {isa = PBXFileReference; fileEncoding = 4; lastKnownFileType = sourcecode.swift; path = TextFieldRenderer.swift; sourceTree = "<group>"; };
		9D8C84801ECA3B750034C6BC /* TouchableRenderer.swift */ = {isa = PBXFileReference; fileEncoding = 4; lastKnownFileType = sourcecode.swift; path = TouchableRenderer.swift; sourceTree = "<group>"; };
		9D8C84821ECA3B750034C6BC /* UIKitRenderable.swift */ = {isa = PBXFileReference; fileEncoding = 4; lastKnownFileType = sourcecode.swift; path = UIKitRenderable.swift; sourceTree = "<group>"; };
		9D8C84831ECA3B750034C6BC /* UIKitRenderer.swift */ = {isa = PBXFileReference; fileEncoding = 4; lastKnownFileType = sourcecode.swift; path = UIKitRenderer.swift; sourceTree = "<group>"; };
		9D8C84841ECA3B750034C6BC /* UIViewExtensions.swift */ = {isa = PBXFileReference; fileEncoding = 4; lastKnownFileType = sourcecode.swift; path = UIViewExtensions.swift; sourceTree = "<group>"; };
		9D8C84851ECA3B750034C6BC /* ZipList.swift */ = {isa = PBXFileReference; fileEncoding = 4; lastKnownFileType = sourcecode.swift; path = ZipList.swift; sourceTree = "<group>"; };
		9D8C84BB1ECA3C4D0034C6BC /* YGEnums.h */ = {isa = PBXFileReference; fileEncoding = 4; lastKnownFileType = sourcecode.c.h; path = YGEnums.h; sourceTree = "<group>"; };
		9D8C84BC1ECA3C4D0034C6BC /* YGMacros.h */ = {isa = PBXFileReference; fileEncoding = 4; lastKnownFileType = sourcecode.c.h; path = YGMacros.h; sourceTree = "<group>"; };
		9D8C84BD1ECA3C4D0034C6BC /* YGNodeList.c */ = {isa = PBXFileReference; fileEncoding = 4; lastKnownFileType = sourcecode.c.c; path = YGNodeList.c; sourceTree = "<group>"; };
		9D8C84BE1ECA3C4D0034C6BC /* YGNodeList.h */ = {isa = PBXFileReference; fileEncoding = 4; lastKnownFileType = sourcecode.c.h; path = YGNodeList.h; sourceTree = "<group>"; };
		9D8C84BF1ECA3C4D0034C6BC /* Yoga.c */ = {isa = PBXFileReference; fileEncoding = 4; lastKnownFileType = sourcecode.c.c; path = Yoga.c; sourceTree = "<group>"; };
		9D8C84C01ECA3C4D0034C6BC /* Yoga.h */ = {isa = PBXFileReference; fileEncoding = 4; lastKnownFileType = sourcecode.c.h; path = Yoga.h; sourceTree = "<group>"; };
		9D8C85131ECA3C990034C6BC /* UIView+Yoga.h */ = {isa = PBXFileReference; fileEncoding = 4; lastKnownFileType = sourcecode.c.h; path = "UIView+Yoga.h"; sourceTree = "<group>"; };
		9D8C85141ECA3C990034C6BC /* UIView+Yoga.m */ = {isa = PBXFileReference; fileEncoding = 4; lastKnownFileType = sourcecode.c.objc; path = "UIView+Yoga.m"; sourceTree = "<group>"; };
		9D8C85151ECA3C990034C6BC /* YGLayout.h */ = {isa = PBXFileReference; fileEncoding = 4; lastKnownFileType = sourcecode.c.h; path = YGLayout.h; sourceTree = "<group>"; };
		9D8C85161ECA3C990034C6BC /* YGLayout.m */ = {isa = PBXFileReference; fileEncoding = 4; lastKnownFileType = sourcecode.c.objc; path = YGLayout.m; sourceTree = "<group>"; };
		9D8C85171ECA3C990034C6BC /* YGLayout+Private.h */ = {isa = PBXFileReference; fileEncoding = 4; lastKnownFileType = sourcecode.c.h; path = "YGLayout+Private.h"; sourceTree = "<group>"; };
		9D93F2211E9D67E700B36914 /* CustomView.xib */ = {isa = PBXFileReference; fileEncoding = 4; lastKnownFileType = file.xib; path = CustomView.xib; sourceTree = "<group>"; };
		9DBA4A041EA81CBE000DE6B7 /* StatePersistor.swift */ = {isa = PBXFileReference; fileEncoding = 4; lastKnownFileType = sourcecode.swift; path = StatePersistor.swift; sourceTree = "<group>"; };
		9DBA4A051EA81CBE000DE6B7 /* TimeLogger.swift */ = {isa = PBXFileReference; fileEncoding = 4; lastKnownFileType = sourcecode.swift; path = TimeLogger.swift; sourceTree = "<group>"; };
		9DBE01D51E80EB4F005FF907 /* Middleware.swift */ = {isa = PBXFileReference; fileEncoding = 4; lastKnownFileType = sourcecode.swift; path = Middleware.swift; sourceTree = "<group>"; };
		9DD2FED31F353D85007D3606 /* AutoEquatable.generated.swift */ = {isa = PBXFileReference; fileEncoding = 4; lastKnownFileType = sourcecode.swift; name = AutoEquatable.generated.swift; path = AutoGenerated/AutoEquatable.generated.swift; sourceTree = "<group>"; };
		9DD2FED41F353D85007D3606 /* AutoPropertyDiffable.generated.swift */ = {isa = PBXFileReference; fileEncoding = 4; lastKnownFileType = sourcecode.swift; name = AutoPropertyDiffable.generated.swift; path = AutoGenerated/AutoPropertyDiffable.generated.swift; sourceTree = "<group>"; };
		9DD2FEDA1F361F78007D3606 /* ButtonRendererSpec.swift */ = {isa = PBXFileReference; fileEncoding = 4; lastKnownFileType = sourcecode.swift; name = ButtonRendererSpec.swift; path = View/UIKit/Renderers/ButtonRendererSpec.swift; sourceTree = "<group>"; };
		9DD2FEDC1F3621D9007D3606 /* Quick.framework */ = {isa = PBXFileReference; lastKnownFileType = wrapper.framework; name = Quick.framework; path = Carthage/Build/iOS/Quick.framework; sourceTree = "<group>"; };
		9DD2FEDD1F3621D9007D3606 /* Nimble.framework */ = {isa = PBXFileReference; lastKnownFileType = wrapper.framework; name = Nimble.framework; path = Carthage/Build/iOS/Nimble.framework; sourceTree = "<group>"; };
		9DDF07911E94296500ABEB33 /* ApplicationRunner.swift */ = {isa = PBXFileReference; fileEncoding = 4; lastKnownFileType = sourcecode.swift; path = ApplicationRunner.swift; sourceTree = "<group>"; };
		9DDF07941E94377700ABEB33 /* Subscription.swift */ = {isa = PBXFileReference; fileEncoding = 4; lastKnownFileType = sourcecode.swift; path = Subscription.swift; sourceTree = "<group>"; };
		9DDF07981E952E0100ABEB33 /* Timer.swift */ = {isa = PBXFileReference; fileEncoding = 4; lastKnownFileType = sourcecode.swift; name = Timer.swift; path = Subscriptions/Timer.swift; sourceTree = "<group>"; };
		D802989D1F1EA74200436C6C /* TextView.swift */ = {isa = PBXFileReference; lastKnownFileType = sourcecode.swift; path = TextView.swift; sourceTree = "<group>"; };
		D802989F1F1EAA9D00436C6C /* TextViewRenderer.swift */ = {isa = PBXFileReference; lastKnownFileType = sourcecode.swift; path = TextViewRenderer.swift; sourceTree = "<group>"; };
		D82F84EA1F152881007A4016 /* Shadow.swift */ = {isa = PBXFileReference; fileEncoding = 4; lastKnownFileType = sourcecode.swift; path = Shadow.swift; sourceTree = "<group>"; };
/* End PBXFileReference section */

/* Begin PBXFrameworksBuildPhase section */
		9D0F33391E78F81800C65BED /* Frameworks */ = {
			isa = PBXFrameworksBuildPhase;
			buildActionMask = 2147483647;
			files = (
			);
			runOnlyForDeploymentPostprocessing = 0;
		};
		9D0F33431E78F81800C65BED /* Frameworks */ = {
			isa = PBXFrameworksBuildPhase;
			buildActionMask = 2147483647;
			files = (
				9DD2FEDE1F3621D9007D3606 /* Quick.framework in Frameworks */,
				9DD2FEDF1F3621D9007D3606 /* Nimble.framework in Frameworks */,
				9D0F33471E78F81800C65BED /* Portal.framework in Frameworks */,
			);
			runOnlyForDeploymentPostprocessing = 0;
		};
		9D3A6E291EEE007100DCFA2D /* Frameworks */ = {
			isa = PBXFrameworksBuildPhase;
			buildActionMask = 2147483647;
			files = (
			);
			runOnlyForDeploymentPostprocessing = 0;
		};
		9D7824051E92B9C7004455B1 /* Frameworks */ = {
			isa = PBXFrameworksBuildPhase;
			buildActionMask = 2147483647;
			files = (
				9D3AB7321EA5AD760038988D /* Portal.framework in Frameworks */,
			);
			runOnlyForDeploymentPostprocessing = 0;
		};
/* End PBXFrameworksBuildPhase section */

/* Begin PBXGroup section */
		46A95EDE1F5834730051C302 /* Examples */ = {
			isa = PBXGroup;
			children = (
				464955651F560A520079ABD8 /* CollectionScreen.swift */,
				46A95EDF1F58348A0051C302 /* TextFieldScreen.swift */,
				46A95EE11F5835470051C302 /* TextViewScreen.swift */,
				46A95EE31F584C8C0051C302 /* ImageScreen.swift */,
				46A95EE51F58515D0051C302 /* MapScreen.swift */,
				46A95EE71F5869070051C302 /* ProgressScreen.swift */,
				46A95EEB1F5A05FE0051C302 /* SegmentedScreen.swift */,
				46E6702D1F5EF61C004F54C8 /* SpinnerScreen.swift */,
				4684AEF11F60799F00D29431 /* TableScreen.swift */,
				4684AEF61F631ED200D29431 /* CarouselScreen.swift */,
			);
			path = Examples;
			sourceTree = "<group>";
		};
		46FAB55C1F5F4ECC0094DEA3 /* Mocks */ = {
			isa = PBXGroup;
			children = (
				46FAB55D1F5F4EDD0094DEA3 /* MockContainerController.swift */,
				46FAB55F1F5F4F8D0094DEA3 /* MockRoute.swift */,
			);
			name = Mocks;
			sourceTree = "<group>";
		};
		9D0F33331E78F81800C65BED = {
			isa = PBXGroup;
			children = (
				9D8C84B91ECA3C4D0034C6BC /* Libraries */,
				9D0F333F1E78F81800C65BED /* Portal */,
				9D0F334A1E78F81800C65BED /* PortalTests */,
				9D7824091E92B9C8004455B1 /* Example */,
				9D3A6E2D1EEE007200DCFA2D /* PortalExampleUITests */,
				9D0F333E1E78F81800C65BED /* Products */,
				9D0F33671E79073600C65BED /* Frameworks */,
			);
			sourceTree = "<group>";
		};
		9D0F333E1E78F81800C65BED /* Products */ = {
			isa = PBXGroup;
			children = (
				9D0F333D1E78F81800C65BED /* Portal.framework */,
				9D0F33461E78F81800C65BED /* PortalTests.xctest */,
				9D7824081E92B9C7004455B1 /* PortalExample.app */,
				9D3A6E2C1EEE007200DCFA2D /* PortalExampleUITests.xctest */,
			);
			name = Products;
			sourceTree = "<group>";
		};
		9D0F333F1E78F81800C65BED /* Portal */ = {
			isa = PBXGroup;
			children = (
				9DD2FED01F352290007D3606 /* AutoGenerated */,
				9D8C844F1ECA3B750034C6BC /* View */,
				9DBA4A031EA81CBE000DE6B7 /* Middlewares */,
				9DDF07971E952DF000ABEB33 /* Subscriptions */,
				9D0F33601E78F96000C65BED /* UIKit */,
				9D0F33401E78F81800C65BED /* Portal.h */,
				9D0F33411E78F81800C65BED /* Info.plist */,
				9D0F33631E78F9BB00C65BED /* Application.swift */,
				9DBE01D51E80EB4F005FF907 /* Middleware.swift */,
				9D8C845E1ECA3B750034C6BC /* Extensions.swift */,
				9DDF07911E94296500ABEB33 /* ApplicationRunner.swift */,
				9DDF07941E94377700ABEB33 /* Subscription.swift */,
				9D2143CA1F35203E007D25D5 /* AutoProtocols.swift */,
			);
			path = Portal;
			sourceTree = "<group>";
		};
		9D0F334A1E78F81800C65BED /* PortalTests */ = {
			isa = PBXGroup;
			children = (
				46FAB55C1F5F4ECC0094DEA3 /* Mocks */,
				9D51994A1F3656ED0011E2F2 /* Resources */,
				9DD2FED71F361F39007D3606 /* View */,
				9D0F334D1E78F81800C65BED /* Info.plist */,
			);
			path = PortalTests;
			sourceTree = "<group>";
		};
		9D0F33601E78F96000C65BED /* UIKit */ = {
			isa = PBXGroup;
			children = (
				9D0F33611E78F97800C65BED /* PortalUIApplication.swift */,
				9D0F33651E79071100C65BED /* UIKitApplicationRenderer.swift */,
			);
			name = UIKit;
			sourceTree = "<group>";
		};
		9D0F33671E79073600C65BED /* Frameworks */ = {
			isa = PBXGroup;
			children = (
				9DD2FEDC1F3621D9007D3606 /* Quick.framework */,
				9DD2FEDD1F3621D9007D3606 /* Nimble.framework */,
				9D3AB7361EA5AD760038988D /* PortalView.framework */,
				9D3AB73A1EA5AD950038988D /* YogaKit.framework */,
			);
			name = Frameworks;
			sourceTree = "<group>";
		};
		9D3A6E141EECB95200DCFA2D /* Views */ = {
			isa = PBXGroup;
			children = (
				46A95EDE1F5834730051C302 /* Examples */,
				9D3A6E231EECC98600DCFA2D /* CustomComponent */,
				9D3A6E211EECBE3D00DCFA2D /* MainScreen.swift */,
				9D3A6E171EECBA3F00DCFA2D /* Shared.swift */,
				9D3A6E191EECBB1F00DCFA2D /* ModalScreen.swift */,
				9D3A6E1B1EECBBC000DCFA2D /* LandscapeScreen.swift */,
				9D3A6E1D1EECBC4900DCFA2D /* DetailScreen.swift */,
				9D3A6E1F1EECBCF000DCFA2D /* DefaultScreen.swift */,
				469C4B561F582B4000C6D468 /* ExamplesView.swift */,
			);
			path = Views;
			sourceTree = "<group>";
		};
		9D3A6E231EECC98600DCFA2D /* CustomComponent */ = {
			isa = PBXGroup;
			children = (
				9D8C844D1EC655600034C6BC /* CustomView.swift */,
				9D93F2211E9D67E700B36914 /* CustomView.xib */,
				9D3A6E241EECC9A500DCFA2D /* CustomComponentRenderer.swift */,
				9D3A6E261EECC9BF00DCFA2D /* CustomController.swift */,
			);
			path = CustomComponent;
			sourceTree = "<group>";
		};
		9D3A6E2D1EEE007200DCFA2D /* PortalExampleUITests */ = {
			isa = PBXGroup;
			children = (
				9D3A6E381EEE07CA00DCFA2D /* ViewDrivers */,
				9D3A6E2E1EEE007200DCFA2D /* PortalExampleUITests.swift */,
				9D3A6E301EEE007200DCFA2D /* Info.plist */,
				9D3A6E361EEE065000DCFA2D /* PortalExampleApplication.swift */,
			);
			path = PortalExampleUITests;
			sourceTree = "<group>";
		};
		9D3A6E381EEE07CA00DCFA2D /* ViewDrivers */ = {
			isa = PBXGroup;
			children = (
				9D3A6E391EEE07F100DCFA2D /* ModalScreenDriver.swift */,
				9D3A6E3B1EEE098000DCFA2D /* MainScreenDriver.swift */,
			);
			path = ViewDrivers;
			sourceTree = "<group>";
		};
		9D7824091E92B9C8004455B1 /* Example */ = {
			isa = PBXGroup;
			children = (
				9D3A6E141EECB95200DCFA2D /* Views */,
				9D7824111E92B9C8004455B1 /* Assets.xcassets */,
				9D7824131E92B9C8004455B1 /* LaunchScreen.storyboard */,
				9D7824161E92B9C8004455B1 /* Info.plist */,
				9D78241A1E92BA01004455B1 /* main.swift */,
				9D78241C1E92BA47004455B1 /* Example.swift */,
				9D3A6E121EECB8FE00DCFA2D /* Effects.swift */,
			);
			path = Example;
			sourceTree = "<group>";
		};
		9D8C844F1ECA3B750034C6BC /* View */ = {
			isa = PBXGroup;
			children = (
				9D8C84511ECA3B750034C6BC /* Components */,
				9D8C84501ECA3B750034C6BC /* Component.swift */,
				9D8C84601ECA3B750034C6BC /* Layout.swift */,
				9D8C84611ECA3B750034C6BC /* LayoutEngine.swift */,
				9D8C84621ECA3B750034C6BC /* Mailbox.swift */,
				9D8C84631ECA3B750034C6BC /* Portal.swift */,
				9D8C84651ECA3B750034C6BC /* StyleSheet.swift */,
				D82F84EA1F152881007A4016 /* Shadow.swift */,
				9D8C84661ECA3B750034C6BC /* UIKit */,
				9D8C84851ECA3B750034C6BC /* ZipList.swift */,
				464955631F55FAD50079ABD8 /* PropertyChange.swift */,
			);
			path = View;
			sourceTree = "<group>";
		};
		9D8C84511ECA3B750034C6BC /* Components */ = {
			isa = PBXGroup;
			children = (
				9D8C84521ECA3B750034C6BC /* Button.swift */,
				9D8C84531ECA3B750034C6BC /* Carousel.swift */,
				9D8C84541ECA3B750034C6BC /* Collection.swift */,
				9D8C84551ECA3B750034C6BC /* Image.swift */,
				9D8C84561ECA3B750034C6BC /* Label.swift */,
				9D8C84571ECA3B750034C6BC /* MapView.swift */,
				9D8C84581ECA3B750034C6BC /* NavigationBar.swift */,
				9D8C84591ECA3B750034C6BC /* Progress.swift */,
				9D8C845A1ECA3B750034C6BC /* Segmented.swift */,
				9D8C845B1ECA3B750034C6BC /* Spinner.swift */,
				9D8C845C1ECA3B750034C6BC /* Table.swift */,
				9D8C845D1ECA3B750034C6BC /* TextField.swift */,
				D802989D1F1EA74200436C6C /* TextView.swift */,
			);
			path = Components;
			sourceTree = "<group>";
		};
		9D8C84661ECA3B750034C6BC /* UIKit */ = {
			isa = PBXGroup;
			children = (
				9D8C84701ECA3B750034C6BC /* Renderers */,
				9D8C84671ECA3B750034C6BC /* MessageDispatcher.swift */,
				9D8C84681ECA3B750034C6BC /* PortalCarouselView.swift */,
				9D8C84691ECA3B750034C6BC /* PortalCollectionView.swift */,
				9D8C846A1ECA3B750034C6BC /* PortalCollectionViewCell.swift */,
				9D8C846B1ECA3B750034C6BC /* PortalMapView.swift */,
				9D8C846C1ECA3B750034C6BC /* PortalNavigationController.swift */,
				9D8C846D1ECA3B750034C6BC /* PortalTableView.swift */,
				9D8C846E1ECA3B750034C6BC /* PortalTableViewCell.swift */,
				9D8C846F1ECA3B750034C6BC /* PortalViewController.swift */,
				9D8C84821ECA3B750034C6BC /* UIKitRenderable.swift */,
				9D8C84831ECA3B750034C6BC /* UIKitRenderer.swift */,
				9D8C84841ECA3B750034C6BC /* UIViewExtensions.swift */,
			);
			path = UIKit;
			sourceTree = "<group>";
		};
		9D8C84701ECA3B750034C6BC /* Renderers */ = {
			isa = PBXGroup;
			children = (
				46485DA71F55D09E0033C204 /* MessageProducer.swift */,
				9D8C84711ECA3B750034C6BC /* ButtonRenderer.swift */,
				9D8C84721ECA3B750034C6BC /* CarouselRenderer.swift */,
				9D8C84731ECA3B750034C6BC /* CollectionRenderer.swift */,
				9D8C84741ECA3B750034C6BC /* ComponentRenderer.swift */,
				9D8C84751ECA3B750034C6BC /* ContainerRenderer.swift */,
				9D8C84761ECA3B750034C6BC /* FontRenderer.swift */,
				9D8C84771ECA3B750034C6BC /* ImageViewRenderer.swift */,
				9D8C84781ECA3B750034C6BC /* LabelRenderer.swift */,
				9D8C84791ECA3B750034C6BC /* MapViewRenderer.swift */,
				9D8C847A1ECA3B750034C6BC /* NavigationBarTitleRenderer.swift */,
				9D8C847B1ECA3B750034C6BC /* ProgressRenderer.swift */,
				9D8C847C1ECA3B750034C6BC /* SegmentedRenderer.swift */,
				9D8C847D1ECA3B750034C6BC /* SpinnerRenderer.swift */,
				9D8C847E1ECA3B750034C6BC /* TableRenderer.swift */,
				9D8C847F1ECA3B750034C6BC /* TextFieldRenderer.swift */,
				9D8C84801ECA3B750034C6BC /* TouchableRenderer.swift */,
				D802989F1F1EAA9D00436C6C /* TextViewRenderer.swift */,
			);
			path = Renderers;
			sourceTree = "<group>";
		};
		9D8C84B91ECA3C4D0034C6BC /* Libraries */ = {
			isa = PBXGroup;
			children = (
				9D8C84BA1ECA3C4D0034C6BC /* yoga */,
				9D8C84C11ECA3C4D0034C6BC /* YogaKit */,
			);
			path = Libraries;
			sourceTree = "<group>";
		};
		9D8C84BA1ECA3C4D0034C6BC /* yoga */ = {
			isa = PBXGroup;
			children = (
				9D8C84BB1ECA3C4D0034C6BC /* YGEnums.h */,
				9D8C84BC1ECA3C4D0034C6BC /* YGMacros.h */,
				9D8C84BD1ECA3C4D0034C6BC /* YGNodeList.c */,
				9D8C84BE1ECA3C4D0034C6BC /* YGNodeList.h */,
				9D8C84BF1ECA3C4D0034C6BC /* Yoga.c */,
				9D8C84C01ECA3C4D0034C6BC /* Yoga.h */,
			);
			path = yoga;
			sourceTree = "<group>";
		};
		9D8C84C11ECA3C4D0034C6BC /* YogaKit */ = {
			isa = PBXGroup;
			children = (
				9D8C85131ECA3C990034C6BC /* UIView+Yoga.h */,
				9D8C85141ECA3C990034C6BC /* UIView+Yoga.m */,
				9D8C85151ECA3C990034C6BC /* YGLayout.h */,
				9D8C85161ECA3C990034C6BC /* YGLayout.m */,
				9D8C85171ECA3C990034C6BC /* YGLayout+Private.h */,
			);
			path = YogaKit;
			sourceTree = "<group>";
		};
		9DBA4A031EA81CBE000DE6B7 /* Middlewares */ = {
			isa = PBXGroup;
			children = (
				9DBA4A041EA81CBE000DE6B7 /* StatePersistor.swift */,
				9DBA4A051EA81CBE000DE6B7 /* TimeLogger.swift */,
			);
			path = Middlewares;
			sourceTree = "<group>";
		};
		9DD2FED01F352290007D3606 /* AutoGenerated */ = {
			isa = PBXGroup;
			children = (
				9DD2FED31F353D85007D3606 /* AutoEquatable.generated.swift */,
				9DD2FED41F353D85007D3606 /* AutoPropertyDiffable.generated.swift */,
			);
			name = AutoGenerated;
			sourceTree = "<group>";
		};
		9DD2FED71F361F39007D3606 /* View */ = {
			isa = PBXGroup;
			children = (
				9DD2FED81F361F44007D3606 /* UIKit */,
			);
			name = View;
			sourceTree = "<group>";
		};
		9DD2FED81F361F44007D3606 /* UIKit */ = {
			isa = PBXGroup;
			children = (
				9DD2FED91F361F51007D3606 /* Renderers */,
			);
			name = UIKit;
			sourceTree = "<group>";
		};
		9DD2FED91F361F51007D3606 /* Renderers */ = {
			isa = PBXGroup;
			children = (
				9DD2FEDA1F361F78007D3606 /* ButtonRendererSpec.swift */,
				46485D9F1F4F0C9E0033C204 /* TextFieldRendererSpec.swift */,
				46485DA51F5458920033C204 /* TextViewRendererSpec.swift */,
				464955611F55E8B20079ABD8 /* ImageViewRendererSpec.swift */,
				469C4B541F56212D00C6D468 /* MapViewRendererSpec.swift */,
				46A95EE91F59ECA90051C302 /* PorgressRenderSpec.swift */,
				46FAB5581F5F2BFD0094DEA3 /* SegmentedRendererSpec.swift */,
				46E6702F1F5EF7B8004F54C8 /* SpinnerRenderSpec.swift */,
				46FAB55A1F5F477E0094DEA3 /* TableRendererSpec.swift */,
				4684AEF41F63048B00D29431 /* CollectionRendererSpec.swift */,
				4684AEF81F63348300D29431 /* CarouselRendererSpec.swift */,
			);
			name = Renderers;
			sourceTree = "<group>";
		};
		9DDF07971E952DF000ABEB33 /* Subscriptions */ = {
			isa = PBXGroup;
			children = (
				9DDF07981E952E0100ABEB33 /* Timer.swift */,
			);
			name = Subscriptions;
			sourceTree = "<group>";
		};
/* End PBXGroup section */

/* Begin PBXHeadersBuildPhase section */
		9D0F333A1E78F81800C65BED /* Headers */ = {
			isa = PBXHeadersBuildPhase;
			buildActionMask = 2147483647;
			files = (
				9D8C84ED1ECA3C4D0034C6BC /* Yoga.h in Headers */,
				9D8C84EB1ECA3C4D0034C6BC /* YGNodeList.h in Headers */,
				9D0F334E1E78F81800C65BED /* Portal.h in Headers */,
				9D8C85181ECA3C990034C6BC /* UIView+Yoga.h in Headers */,
				9D8C84E81ECA3C4D0034C6BC /* YGEnums.h in Headers */,
				9D8C851A1ECA3C990034C6BC /* YGLayout.h in Headers */,
				9D8C84E91ECA3C4D0034C6BC /* YGMacros.h in Headers */,
				9D8C851C1ECA3C990034C6BC /* YGLayout+Private.h in Headers */,
			);
			runOnlyForDeploymentPostprocessing = 0;
		};
/* End PBXHeadersBuildPhase section */

/* Begin PBXNativeTarget section */
		9D0F333C1E78F81800C65BED /* Portal */ = {
			isa = PBXNativeTarget;
			buildConfigurationList = 9D0F33511E78F81800C65BED /* Build configuration list for PBXNativeTarget "Portal" */;
			buildPhases = (
				9D0F33381E78F81800C65BED /* Sources */,
				9D0F33391E78F81800C65BED /* Frameworks */,
				9D0F333A1E78F81800C65BED /* Headers */,
				9D0F333B1E78F81800C65BED /* Resources */,
				9D6C1E971EE5A2E5006C6394 /* SwiftLint */,
			);
			buildRules = (
			);
			dependencies = (
			);
			name = Portal;
			productName = Portal;
			productReference = 9D0F333D1E78F81800C65BED /* Portal.framework */;
			productType = "com.apple.product-type.framework";
		};
		9D0F33451E78F81800C65BED /* PortalTests */ = {
			isa = PBXNativeTarget;
			buildConfigurationList = 9D0F33541E78F81800C65BED /* Build configuration list for PBXNativeTarget "PortalTests" */;
			buildPhases = (
				9D0F33421E78F81800C65BED /* Sources */,
				9D0F33431E78F81800C65BED /* Frameworks */,
				9D0F33441E78F81800C65BED /* Resources */,
				9DD2FEE01F3621E9007D3606 /* CopyFiles */,
			);
			buildRules = (
			);
			dependencies = (
				9D0F33491E78F81800C65BED /* PBXTargetDependency */,
				9D5199481F36532A0011E2F2 /* PBXTargetDependency */,
			);
			name = PortalTests;
			productName = PortalTests;
			productReference = 9D0F33461E78F81800C65BED /* PortalTests.xctest */;
			productType = "com.apple.product-type.bundle.unit-test";
		};
		9D3A6E2B1EEE007100DCFA2D /* PortalExampleUITests */ = {
			isa = PBXNativeTarget;
			buildConfigurationList = 9D3A6E331EEE007200DCFA2D /* Build configuration list for PBXNativeTarget "PortalExampleUITests" */;
			buildPhases = (
				9D3A6E281EEE007100DCFA2D /* Sources */,
				9D3A6E291EEE007100DCFA2D /* Frameworks */,
				9D3A6E2A1EEE007100DCFA2D /* Resources */,
			);
			buildRules = (
			);
			dependencies = (
				9D3A6E321EEE007200DCFA2D /* PBXTargetDependency */,
			);
			name = PortalExampleUITests;
			productName = PortalExampleUITests;
			productReference = 9D3A6E2C1EEE007200DCFA2D /* PortalExampleUITests.xctest */;
			productType = "com.apple.product-type.bundle.ui-testing";
		};
		9D7824071E92B9C7004455B1 /* PortalExample */ = {
			isa = PBXNativeTarget;
			buildConfigurationList = 9D7824191E92B9C8004455B1 /* Build configuration list for PBXNativeTarget "PortalExample" */;
			buildPhases = (
				9D7824041E92B9C7004455B1 /* Sources */,
				9D7824051E92B9C7004455B1 /* Frameworks */,
				9D7824061E92B9C7004455B1 /* Resources */,
				9D3AB7391EA5AD760038988D /* Embed Frameworks */,
			);
			buildRules = (
			);
			dependencies = (
				9D3AB7351EA5AD760038988D /* PBXTargetDependency */,
			);
			name = PortalExample;
			productName = Example;
			productReference = 9D7824081E92B9C7004455B1 /* PortalExample.app */;
			productType = "com.apple.product-type.application";
		};
/* End PBXNativeTarget section */

/* Begin PBXProject section */
		9D0F33341E78F81800C65BED /* Project object */ = {
			isa = PBXProject;
			attributes = {
				LastSwiftUpdateCheck = 0900;
				LastUpgradeCheck = 0900;
				ORGANIZATIONNAME = "Guido Marucci Blas";
				TargetAttributes = {
					9D0F333C1E78F81800C65BED = {
						CreatedOnToolsVersion = 8.2.1;
						DevelopmentTeam = 7SMPV9L38V;
						LastSwiftMigration = 0820;
						ProvisioningStyle = Automatic;
					};
					9D0F33451E78F81800C65BED = {
						CreatedOnToolsVersion = 8.2.1;
						DevelopmentTeam = 7SMPV9L38V;
						ProvisioningStyle = Automatic;
						TestTargetID = 9D7824071E92B9C7004455B1;
					};
					9D3A6E2B1EEE007100DCFA2D = {
						CreatedOnToolsVersion = 9.0;
						DevelopmentTeam = 36UGBW7HEL;
						TestTargetID = 9D7824071E92B9C7004455B1;
					};
					9D7824071E92B9C7004455B1 = {
						CreatedOnToolsVersion = 8.3;
						DevelopmentTeam = 7SMPV9L38V;
						LastSwiftMigration = 0830;
						ProvisioningStyle = Automatic;
					};
				};
			};
			buildConfigurationList = 9D0F33371E78F81800C65BED /* Build configuration list for PBXProject "Portal" */;
			compatibilityVersion = "Xcode 3.2";
			developmentRegion = English;
			hasScannedForEncodings = 0;
			knownRegions = (
				en,
				Base,
			);
			mainGroup = 9D0F33331E78F81800C65BED;
			productRefGroup = 9D0F333E1E78F81800C65BED /* Products */;
			projectDirPath = "";
			projectRoot = "";
			targets = (
				9D0F333C1E78F81800C65BED /* Portal */,
				9D0F33451E78F81800C65BED /* PortalTests */,
				9D7824071E92B9C7004455B1 /* PortalExample */,
				9D3A6E2B1EEE007100DCFA2D /* PortalExampleUITests */,
			);
		};
/* End PBXProject section */

/* Begin PBXResourcesBuildPhase section */
		9D0F333B1E78F81800C65BED /* Resources */ = {
			isa = PBXResourcesBuildPhase;
			buildActionMask = 2147483647;
			files = (
			);
			runOnlyForDeploymentPostprocessing = 0;
		};
		9D0F33441E78F81800C65BED /* Resources */ = {
			isa = PBXResourcesBuildPhase;
			buildActionMask = 2147483647;
			files = (
				9D51994B1F36581B0011E2F2 /* Resources in Resources */,
			);
			runOnlyForDeploymentPostprocessing = 0;
		};
		9D3A6E2A1EEE007100DCFA2D /* Resources */ = {
			isa = PBXResourcesBuildPhase;
			buildActionMask = 2147483647;
			files = (
			);
			runOnlyForDeploymentPostprocessing = 0;
		};
		9D7824061E92B9C7004455B1 /* Resources */ = {
			isa = PBXResourcesBuildPhase;
			buildActionMask = 2147483647;
			files = (
				9D7824151E92B9C8004455B1 /* LaunchScreen.storyboard in Resources */,
				9D93F2231E9D6EFB00B36914 /* CustomView.xib in Resources */,
				9D7824121E92B9C8004455B1 /* Assets.xcassets in Resources */,
			);
			runOnlyForDeploymentPostprocessing = 0;
		};
/* End PBXResourcesBuildPhase section */

/* Begin PBXShellScriptBuildPhase section */
		9D6C1E971EE5A2E5006C6394 /* SwiftLint */ = {
			isa = PBXShellScriptBuildPhase;
			buildActionMask = 2147483647;
			files = (
			);
			inputPaths = (
			);
			name = SwiftLint;
			outputPaths = (
			);
			runOnlyForDeploymentPostprocessing = 0;
			shellPath = /bin/sh;
			shellScript = "if [ ! -z $SKIP_SWIFTLINT ]\nthen\n    echo \"Skipping SwiftLint build phase\"\n    exit 0\nfi\n\nif [ -f bin/swiftlint/swiftlint ]\nthen\n    bin/swiftlint/swiftlint\nelse\n    echo \"warning: SwiftLint not installed, run script/bootstrap\"\nfi";
		};
/* End PBXShellScriptBuildPhase section */

/* Begin PBXSourcesBuildPhase section */
		9D0F33381E78F81800C65BED /* Sources */ = {
			isa = PBXSourcesBuildPhase;
			buildActionMask = 2147483647;
			files = (
				9D8C84931ECA3B750034C6BC /* Extensions.swift in Sources */,
				9D8C848E1ECA3B750034C6BC /* Progress.swift in Sources */,
				9D8C84921ECA3B750034C6BC /* TextField.swift in Sources */,
				9D8C84AA1ECA3B750034C6BC /* ImageViewRenderer.swift in Sources */,
				9D8C848D1ECA3B750034C6BC /* NavigationBar.swift in Sources */,
				9D8C84B11ECA3B750034C6BC /* TableRenderer.swift in Sources */,
				9D8C848F1ECA3B750034C6BC /* Segmented.swift in Sources */,
				9D8C84981ECA3B750034C6BC /* Portal.swift in Sources */,
				9D8C84B61ECA3B750034C6BC /* UIKitRenderer.swift in Sources */,
				9D8C84951ECA3B750034C6BC /* Layout.swift in Sources */,
				9D8C84971ECA3B750034C6BC /* Mailbox.swift in Sources */,
				9D8C84B31ECA3B750034C6BC /* TouchableRenderer.swift in Sources */,
				9D8C84B21ECA3B750034C6BC /* TextFieldRenderer.swift in Sources */,
				9DDF07951E94377700ABEB33 /* Subscription.swift in Sources */,
				9D8C848C1ECA3B750034C6BC /* MapView.swift in Sources */,
				9D8C84EC1ECA3C4D0034C6BC /* Yoga.c in Sources */,
				9D8C84AF1ECA3B750034C6BC /* SegmentedRenderer.swift in Sources */,
				9D8C84A41ECA3B750034C6BC /* ButtonRenderer.swift in Sources */,
				9DDF07921E94296500ABEB33 /* ApplicationRunner.swift in Sources */,
				9DDF07991E952E0100ABEB33 /* Timer.swift in Sources */,
				9D8C84B51ECA3B750034C6BC /* UIKitRenderable.swift in Sources */,
				9D8C85191ECA3C990034C6BC /* UIView+Yoga.m in Sources */,
				9D8C84881ECA3B750034C6BC /* Carousel.swift in Sources */,
				D82F84EB1F152881007A4016 /* Shadow.swift in Sources */,
				9DD2FED51F353D85007D3606 /* AutoEquatable.generated.swift in Sources */,
				D802989E1F1EA74200436C6C /* TextView.swift in Sources */,
				46485DA81F55D09E0033C204 /* MessageProducer.swift in Sources */,
				9D8C851B1ECA3C990034C6BC /* YGLayout.m in Sources */,
				9D8C84B71ECA3B750034C6BC /* UIViewExtensions.swift in Sources */,
				9D8C84A31ECA3B750034C6BC /* PortalViewController.swift in Sources */,
				9D2143CB1F35203E007D25D5 /* AutoProtocols.swift in Sources */,
				9D8C84A81ECA3B750034C6BC /* ContainerRenderer.swift in Sources */,
				9D8C84B81ECA3B750034C6BC /* ZipList.swift in Sources */,
				9D8C84AD1ECA3B750034C6BC /* NavigationBarTitleRenderer.swift in Sources */,
				9D8C849D1ECA3B750034C6BC /* PortalCollectionView.swift in Sources */,
				9D8C84961ECA3B750034C6BC /* LayoutEngine.swift in Sources */,
				9DBA4A061EA81CBE000DE6B7 /* StatePersistor.swift in Sources */,
				9DD2FED61F353D85007D3606 /* AutoPropertyDiffable.generated.swift in Sources */,
				9D8C84A01ECA3B750034C6BC /* PortalNavigationController.swift in Sources */,
				9D0F33661E79071100C65BED /* UIKitApplicationRenderer.swift in Sources */,
				9D8C849E1ECA3B750034C6BC /* PortalCollectionViewCell.swift in Sources */,
				9D8C84891ECA3B750034C6BC /* Collection.swift in Sources */,
				9D8C84A21ECA3B750034C6BC /* PortalTableViewCell.swift in Sources */,
				9D8C848A1ECA3B750034C6BC /* Image.swift in Sources */,
				D80298A01F1EAA9D00436C6C /* TextViewRenderer.swift in Sources */,
				9D8C84AB1ECA3B750034C6BC /* LabelRenderer.swift in Sources */,
				9D8C84B01ECA3B750034C6BC /* SpinnerRenderer.swift in Sources */,
				9D8C848B1ECA3B750034C6BC /* Label.swift in Sources */,
				9D8C84A61ECA3B750034C6BC /* CollectionRenderer.swift in Sources */,
				9D8C849C1ECA3B750034C6BC /* PortalCarouselView.swift in Sources */,
				9D8C849B1ECA3B750034C6BC /* MessageDispatcher.swift in Sources */,
				9D8C84A11ECA3B750034C6BC /* PortalTableView.swift in Sources */,
				9D8C84A91ECA3B750034C6BC /* FontRenderer.swift in Sources */,
				9D8C849A1ECA3B750034C6BC /* StyleSheet.swift in Sources */,
				9D8C849F1ECA3B750034C6BC /* PortalMapView.swift in Sources */,
				9DBA4A071EA81CBE000DE6B7 /* TimeLogger.swift in Sources */,
				9DBE01D61E80EB4F005FF907 /* Middleware.swift in Sources */,
				464955641F55FAD50079ABD8 /* PropertyChange.swift in Sources */,
				9D8C84A71ECA3B750034C6BC /* ComponentRenderer.swift in Sources */,
				9D8C84911ECA3B750034C6BC /* Table.swift in Sources */,
				9D0F33641E78F9BB00C65BED /* Application.swift in Sources */,
				9D0F33621E78F97800C65BED /* PortalUIApplication.swift in Sources */,
				9D8C84861ECA3B750034C6BC /* Component.swift in Sources */,
				9D8C84871ECA3B750034C6BC /* Button.swift in Sources */,
				9D8C84EA1ECA3C4D0034C6BC /* YGNodeList.c in Sources */,
				9D8C84AC1ECA3B750034C6BC /* MapViewRenderer.swift in Sources */,
				9D8C84A51ECA3B750034C6BC /* CarouselRenderer.swift in Sources */,
				9D8C84AE1ECA3B750034C6BC /* ProgressRenderer.swift in Sources */,
				9D8C84901ECA3B750034C6BC /* Spinner.swift in Sources */,
			);
			runOnlyForDeploymentPostprocessing = 0;
		};
		9D0F33421E78F81800C65BED /* Sources */ = {
			isa = PBXSourcesBuildPhase;
			buildActionMask = 2147483647;
			files = (
				46E670301F5EF7B8004F54C8 /* SpinnerRenderSpec.swift in Sources */,
				46485DA01F4F0C9E0033C204 /* TextFieldRendererSpec.swift in Sources */,
				9DD2FEDB1F361F78007D3606 /* ButtonRendererSpec.swift in Sources */,
				469C4B551F56212D00C6D468 /* MapViewRendererSpec.swift in Sources */,
				46485DA61F5458920033C204 /* TextViewRendererSpec.swift in Sources */,
				4684AEF91F63348300D29431 /* CarouselRendererSpec.swift in Sources */,
				464955621F55E8B20079ABD8 /* ImageViewRendererSpec.swift in Sources */,
				46FAB5591F5F2BFD0094DEA3 /* SegmentedRendererSpec.swift in Sources */,
				46A95EEA1F59ECA90051C302 /* PorgressRenderSpec.swift in Sources */,
				46FAB5601F5F4F8D0094DEA3 /* MockRoute.swift in Sources */,
				4684AEF51F63048B00D29431 /* CollectionRendererSpec.swift in Sources */,
				46FAB55B1F5F477E0094DEA3 /* TableRendererSpec.swift in Sources */,
				46FAB55E1F5F4EDD0094DEA3 /* MockContainerController.swift in Sources */,
			);
			runOnlyForDeploymentPostprocessing = 0;
		};
		9D3A6E281EEE007100DCFA2D /* Sources */ = {
			isa = PBXSourcesBuildPhase;
			buildActionMask = 2147483647;
			files = (
				9D3A6E2F1EEE007200DCFA2D /* PortalExampleUITests.swift in Sources */,
				9D3A6E3A1EEE07F100DCFA2D /* ModalScreenDriver.swift in Sources */,
				9D3A6E3C1EEE098000DCFA2D /* MainScreenDriver.swift in Sources */,
				9D3A6E371EEE065000DCFA2D /* PortalExampleApplication.swift in Sources */,
			);
			runOnlyForDeploymentPostprocessing = 0;
		};
		9D7824041E92B9C7004455B1 /* Sources */ = {
			isa = PBXSourcesBuildPhase;
			buildActionMask = 2147483647;
			files = (
				9D3A6E271EECC9BF00DCFA2D /* CustomController.swift in Sources */,
				9D3A6E1A1EECBB1F00DCFA2D /* ModalScreen.swift in Sources */,
				46A95EE81F5869070051C302 /* ProgressScreen.swift in Sources */,
				4684AEF31F607A5500D29431 /* TableScreen.swift in Sources */,
				9D3A6E181EECBA3F00DCFA2D /* Shared.swift in Sources */,
				46A95EEC1F5A05FE0051C302 /* SegmentedScreen.swift in Sources */,
				464955671F560A960079ABD8 /* CollectionScreen.swift in Sources */,
				9D3A6E221EECBE6000DCFA2D /* MainScreen.swift in Sources */,
				9D3A6E131EECB8FE00DCFA2D /* Effects.swift in Sources */,
				4684AEF71F631ED200D29431 /* CarouselScreen.swift in Sources */,
				9D3A6E1C1EECBBC000DCFA2D /* LandscapeScreen.swift in Sources */,
				9D8C844E1EC655600034C6BC /* CustomView.swift in Sources */,
				46A95EE41F584C8C0051C302 /* ImageScreen.swift in Sources */,
				9D78241D1E92BA47004455B1 /* Example.swift in Sources */,
				46A95EE01F58348A0051C302 /* TextFieldScreen.swift in Sources */,
				9D3A6E201EECBCF000DCFA2D /* DefaultScreen.swift in Sources */,
				9D3A6E251EECC9A500DCFA2D /* CustomComponentRenderer.swift in Sources */,
				46A95EE61F58515D0051C302 /* MapScreen.swift in Sources */,
				9D78241B1E92BA01004455B1 /* main.swift in Sources */,
				9D3A6E1E1EECBC4900DCFA2D /* DetailScreen.swift in Sources */,
				469C4B571F582B4000C6D468 /* ExamplesView.swift in Sources */,
				46E6702E1F5EF61D004F54C8 /* SpinnerScreen.swift in Sources */,
				46A95EE21F5835480051C302 /* TextViewScreen.swift in Sources */,
			);
			runOnlyForDeploymentPostprocessing = 0;
		};
/* End PBXSourcesBuildPhase section */

/* Begin PBXTargetDependency section */
		9D0F33491E78F81800C65BED /* PBXTargetDependency */ = {
			isa = PBXTargetDependency;
			target = 9D0F333C1E78F81800C65BED /* Portal */;
			targetProxy = 9D0F33481E78F81800C65BED /* PBXContainerItemProxy */;
		};
		9D3A6E321EEE007200DCFA2D /* PBXTargetDependency */ = {
			isa = PBXTargetDependency;
			target = 9D7824071E92B9C7004455B1 /* PortalExample */;
			targetProxy = 9D3A6E311EEE007200DCFA2D /* PBXContainerItemProxy */;
		};
		9D3AB7351EA5AD760038988D /* PBXTargetDependency */ = {
			isa = PBXTargetDependency;
			target = 9D0F333C1E78F81800C65BED /* Portal */;
			targetProxy = 9D3AB7341EA5AD760038988D /* PBXContainerItemProxy */;
		};
		9D5199481F36532A0011E2F2 /* PBXTargetDependency */ = {
			isa = PBXTargetDependency;
			target = 9D7824071E92B9C7004455B1 /* PortalExample */;
			targetProxy = 9D5199471F36532A0011E2F2 /* PBXContainerItemProxy */;
		};
/* End PBXTargetDependency section */

/* Begin PBXVariantGroup section */
		9D7824131E92B9C8004455B1 /* LaunchScreen.storyboard */ = {
			isa = PBXVariantGroup;
			children = (
				9D7824141E92B9C8004455B1 /* Base */,
			);
			name = LaunchScreen.storyboard;
			sourceTree = "<group>";
		};
/* End PBXVariantGroup section */

/* Begin XCBuildConfiguration section */
		9D0F334F1E78F81800C65BED /* Debug */ = {
			isa = XCBuildConfiguration;
			buildSettings = {
				ALWAYS_SEARCH_USER_PATHS = NO;
				CLANG_ANALYZER_NONNULL = YES;
				CLANG_CXX_LANGUAGE_STANDARD = "gnu++0x";
				CLANG_CXX_LIBRARY = "libc++";
				CLANG_ENABLE_MODULES = YES;
				CLANG_ENABLE_OBJC_ARC = YES;
				CLANG_WARN_BLOCK_CAPTURE_AUTORELEASING = YES;
				CLANG_WARN_BOOL_CONVERSION = YES;
				CLANG_WARN_COMMA = YES;
				CLANG_WARN_CONSTANT_CONVERSION = YES;
				CLANG_WARN_DIRECT_OBJC_ISA_USAGE = YES_ERROR;
				CLANG_WARN_DOCUMENTATION_COMMENTS = YES;
				CLANG_WARN_EMPTY_BODY = YES;
				CLANG_WARN_ENUM_CONVERSION = YES;
				CLANG_WARN_INFINITE_RECURSION = YES;
				CLANG_WARN_INT_CONVERSION = YES;
				CLANG_WARN_NON_LITERAL_NULL_CONVERSION = YES;
				CLANG_WARN_OBJC_LITERAL_CONVERSION = YES;
				CLANG_WARN_OBJC_ROOT_CLASS = YES_ERROR;
				CLANG_WARN_RANGE_LOOP_ANALYSIS = YES;
				CLANG_WARN_STRICT_PROTOTYPES = YES;
				CLANG_WARN_SUSPICIOUS_MOVE = YES;
				CLANG_WARN_UNREACHABLE_CODE = YES;
				CLANG_WARN__DUPLICATE_METHOD_MATCH = YES;
				"CODE_SIGN_IDENTITY[sdk=iphoneos*]" = "iPhone Developer";
				COPY_PHASE_STRIP = NO;
				CURRENT_PROJECT_VERSION = 1;
				DEBUG_INFORMATION_FORMAT = dwarf;
				ENABLE_STRICT_OBJC_MSGSEND = YES;
				ENABLE_TESTABILITY = YES;
				GCC_C_LANGUAGE_STANDARD = gnu99;
				GCC_DYNAMIC_NO_PIC = NO;
				GCC_NO_COMMON_BLOCKS = YES;
				GCC_OPTIMIZATION_LEVEL = 0;
				GCC_PREPROCESSOR_DEFINITIONS = (
					"DEBUG=1",
					"$(inherited)",
				);
				GCC_WARN_64_TO_32_BIT_CONVERSION = YES;
				GCC_WARN_ABOUT_RETURN_TYPE = YES_ERROR;
				GCC_WARN_UNDECLARED_SELECTOR = YES;
				GCC_WARN_UNINITIALIZED_AUTOS = YES_AGGRESSIVE;
				GCC_WARN_UNUSED_FUNCTION = YES;
				GCC_WARN_UNUSED_VARIABLE = YES;
				IPHONEOS_DEPLOYMENT_TARGET = 10.0;
				MTL_ENABLE_DEBUG_INFO = YES;
				ONLY_ACTIVE_ARCH = YES;
				SDKROOT = iphoneos;
				SWIFT_ACTIVE_COMPILATION_CONDITIONS = DEBUG;
				SWIFT_OPTIMIZATION_LEVEL = "-Onone";
				TARGETED_DEVICE_FAMILY = "1,2";
				VERSIONING_SYSTEM = "apple-generic";
				VERSION_INFO_PREFIX = "";
			};
			name = Debug;
		};
		9D0F33501E78F81800C65BED /* Release */ = {
			isa = XCBuildConfiguration;
			buildSettings = {
				ALWAYS_SEARCH_USER_PATHS = NO;
				CLANG_ANALYZER_NONNULL = YES;
				CLANG_CXX_LANGUAGE_STANDARD = "gnu++0x";
				CLANG_CXX_LIBRARY = "libc++";
				CLANG_ENABLE_MODULES = YES;
				CLANG_ENABLE_OBJC_ARC = YES;
				CLANG_WARN_BLOCK_CAPTURE_AUTORELEASING = YES;
				CLANG_WARN_BOOL_CONVERSION = YES;
				CLANG_WARN_COMMA = YES;
				CLANG_WARN_CONSTANT_CONVERSION = YES;
				CLANG_WARN_DIRECT_OBJC_ISA_USAGE = YES_ERROR;
				CLANG_WARN_DOCUMENTATION_COMMENTS = YES;
				CLANG_WARN_EMPTY_BODY = YES;
				CLANG_WARN_ENUM_CONVERSION = YES;
				CLANG_WARN_INFINITE_RECURSION = YES;
				CLANG_WARN_INT_CONVERSION = YES;
				CLANG_WARN_NON_LITERAL_NULL_CONVERSION = YES;
				CLANG_WARN_OBJC_LITERAL_CONVERSION = YES;
				CLANG_WARN_OBJC_ROOT_CLASS = YES_ERROR;
				CLANG_WARN_RANGE_LOOP_ANALYSIS = YES;
				CLANG_WARN_STRICT_PROTOTYPES = YES;
				CLANG_WARN_SUSPICIOUS_MOVE = YES;
				CLANG_WARN_UNREACHABLE_CODE = YES;
				CLANG_WARN__DUPLICATE_METHOD_MATCH = YES;
				"CODE_SIGN_IDENTITY[sdk=iphoneos*]" = "iPhone Developer";
				COPY_PHASE_STRIP = NO;
				CURRENT_PROJECT_VERSION = 1;
				DEBUG_INFORMATION_FORMAT = "dwarf-with-dsym";
				ENABLE_NS_ASSERTIONS = NO;
				ENABLE_STRICT_OBJC_MSGSEND = YES;
				GCC_C_LANGUAGE_STANDARD = gnu99;
				GCC_NO_COMMON_BLOCKS = YES;
				GCC_WARN_64_TO_32_BIT_CONVERSION = YES;
				GCC_WARN_ABOUT_RETURN_TYPE = YES_ERROR;
				GCC_WARN_UNDECLARED_SELECTOR = YES;
				GCC_WARN_UNINITIALIZED_AUTOS = YES_AGGRESSIVE;
				GCC_WARN_UNUSED_FUNCTION = YES;
				GCC_WARN_UNUSED_VARIABLE = YES;
				IPHONEOS_DEPLOYMENT_TARGET = 10.0;
				MTL_ENABLE_DEBUG_INFO = NO;
				SDKROOT = iphoneos;
				SWIFT_OPTIMIZATION_LEVEL = "-Owholemodule";
				TARGETED_DEVICE_FAMILY = "1,2";
				VALIDATE_PRODUCT = YES;
				VERSIONING_SYSTEM = "apple-generic";
				VERSION_INFO_PREFIX = "";
			};
			name = Release;
		};
		9D0F33521E78F81800C65BED /* Debug */ = {
			isa = XCBuildConfiguration;
			buildSettings = {
				CLANG_ENABLE_MODULES = YES;
				CODE_SIGN_IDENTITY = "";
				DEFINES_MODULE = YES;
				DEVELOPMENT_TEAM = 7SMPV9L38V;
				DYLIB_COMPATIBILITY_VERSION = 1;
				DYLIB_CURRENT_VERSION = 1;
				DYLIB_INSTALL_NAME_BASE = "@rpath";
				FRAMEWORK_SEARCH_PATHS = "";
				HEADER_SEARCH_PATHS = "$(SRCROOT)/Libraries/**";
				INFOPLIST_FILE = Portal/Info.plist;
				INSTALL_PATH = "$(LOCAL_LIBRARY_DIR)/Frameworks";
				LD_RUNPATH_SEARCH_PATHS = "$(inherited) @executable_path/Frameworks @loader_path/Frameworks";
				PRODUCT_BUNDLE_IDENTIFIER = com.syrmo.Portal;
				PRODUCT_NAME = "$(TARGET_NAME)";
				SKIP_INSTALL = YES;
				SWIFT_OPTIMIZATION_LEVEL = "-Onone";
				SWIFT_VERSION = 3.0;
			};
			name = Debug;
		};
		9D0F33531E78F81800C65BED /* Release */ = {
			isa = XCBuildConfiguration;
			buildSettings = {
				CLANG_ENABLE_MODULES = YES;
				CODE_SIGN_IDENTITY = "";
				DEFINES_MODULE = YES;
				DEVELOPMENT_TEAM = 7SMPV9L38V;
				DYLIB_COMPATIBILITY_VERSION = 1;
				DYLIB_CURRENT_VERSION = 1;
				DYLIB_INSTALL_NAME_BASE = "@rpath";
				FRAMEWORK_SEARCH_PATHS = "";
				HEADER_SEARCH_PATHS = "$(SRCROOT)/Libraries/**";
				INFOPLIST_FILE = Portal/Info.plist;
				INSTALL_PATH = "$(LOCAL_LIBRARY_DIR)/Frameworks";
				LD_RUNPATH_SEARCH_PATHS = "$(inherited) @executable_path/Frameworks @loader_path/Frameworks";
				PRODUCT_BUNDLE_IDENTIFIER = com.syrmo.Portal;
				PRODUCT_NAME = "$(TARGET_NAME)";
				SKIP_INSTALL = YES;
				SWIFT_VERSION = 3.0;
			};
			name = Release;
		};
		9D0F33551E78F81800C65BED /* Debug */ = {
			isa = XCBuildConfiguration;
			buildSettings = {
				ALWAYS_EMBED_SWIFT_STANDARD_LIBRARIES = YES;
				DEVELOPMENT_TEAM = 7SMPV9L38V;
				FRAMEWORK_SEARCH_PATHS = (
					"$(inherited)",
					"$(PROJECT_DIR)/Carthage/Build/iOS",
				);
				INFOPLIST_FILE = PortalTests/Info.plist;
				LD_RUNPATH_SEARCH_PATHS = "$(inherited) @executable_path/Frameworks @loader_path/Frameworks";
				PRODUCT_BUNDLE_IDENTIFIER = com.syrmo.PortalTests;
				PRODUCT_NAME = "$(TARGET_NAME)";
				SWIFT_VERSION = 3.0;
				TEST_HOST = "$(BUILT_PRODUCTS_DIR)/PortalExample.app/PortalExample";
			};
			name = Debug;
		};
		9D0F33561E78F81800C65BED /* Release */ = {
			isa = XCBuildConfiguration;
			buildSettings = {
				ALWAYS_EMBED_SWIFT_STANDARD_LIBRARIES = YES;
				DEVELOPMENT_TEAM = 7SMPV9L38V;
				FRAMEWORK_SEARCH_PATHS = (
					"$(inherited)",
					"$(PROJECT_DIR)/Carthage/Build/iOS",
				);
				INFOPLIST_FILE = PortalTests/Info.plist;
				LD_RUNPATH_SEARCH_PATHS = "$(inherited) @executable_path/Frameworks @loader_path/Frameworks";
				PRODUCT_BUNDLE_IDENTIFIER = com.syrmo.PortalTests;
				PRODUCT_NAME = "$(TARGET_NAME)";
				SWIFT_VERSION = 3.0;
				TEST_HOST = "$(BUILT_PRODUCTS_DIR)/PortalExample.app/PortalExample";
			};
			name = Release;
		};
		9D3A6E341EEE007200DCFA2D /* Debug */ = {
			isa = XCBuildConfiguration;
			buildSettings = {
				CLANG_ANALYZER_NUMBER_OBJECT_CONVERSION = YES_AGGRESSIVE;
				CLANG_CXX_LANGUAGE_STANDARD = "gnu++14";
				CLANG_WARN_UNGUARDED_AVAILABILITY = YES_AGGRESSIVE;
				CODE_SIGN_IDENTITY = "iPhone Developer";
				DEVELOPMENT_TEAM = 36UGBW7HEL;
				GCC_C_LANGUAGE_STANDARD = gnu11;
				INFOPLIST_FILE = PortalExampleUITests/Info.plist;
				IPHONEOS_DEPLOYMENT_TARGET = 11.0;
				LD_RUNPATH_SEARCH_PATHS = "$(inherited) @executable_path/Frameworks @loader_path/Frameworks";
				PRODUCT_BUNDLE_IDENTIFIER = me.guidomb.PortalExampleUITests;
				PRODUCT_NAME = "$(TARGET_NAME)";
				SWIFT_VERSION = 4.0;
				TARGETED_DEVICE_FAMILY = "1,2";
				TEST_TARGET_NAME = PortalExample;
			};
			name = Debug;
		};
		9D3A6E351EEE007200DCFA2D /* Release */ = {
			isa = XCBuildConfiguration;
			buildSettings = {
				CLANG_ANALYZER_NUMBER_OBJECT_CONVERSION = YES_AGGRESSIVE;
				CLANG_CXX_LANGUAGE_STANDARD = "gnu++14";
				CLANG_WARN_UNGUARDED_AVAILABILITY = YES_AGGRESSIVE;
				CODE_SIGN_IDENTITY = "iPhone Developer";
				DEVELOPMENT_TEAM = 36UGBW7HEL;
				GCC_C_LANGUAGE_STANDARD = gnu11;
				INFOPLIST_FILE = PortalExampleUITests/Info.plist;
				IPHONEOS_DEPLOYMENT_TARGET = 11.0;
				LD_RUNPATH_SEARCH_PATHS = "$(inherited) @executable_path/Frameworks @loader_path/Frameworks";
				PRODUCT_BUNDLE_IDENTIFIER = me.guidomb.PortalExampleUITests;
				PRODUCT_NAME = "$(TARGET_NAME)";
				SWIFT_VERSION = 4.0;
				TARGETED_DEVICE_FAMILY = "1,2";
				TEST_TARGET_NAME = PortalExample;
			};
			name = Release;
		};
		9D7824171E92B9C8004455B1 /* Debug */ = {
			isa = XCBuildConfiguration;
			buildSettings = {
				ALWAYS_EMBED_SWIFT_STANDARD_LIBRARIES = YES;
				ASSETCATALOG_COMPILER_APPICON_NAME = AppIcon;
				CLANG_ANALYZER_NUMBER_OBJECT_CONVERSION = YES_AGGRESSIVE;
				CLANG_ENABLE_MODULES = YES;
				DEVELOPMENT_TEAM = 7SMPV9L38V;
				FRAMEWORK_SEARCH_PATHS = "";
				INFOPLIST_FILE = Example/Info.plist;
				IPHONEOS_DEPLOYMENT_TARGET = 10.3;
				LD_RUNPATH_SEARCH_PATHS = "$(inherited) @executable_path/Frameworks";
				PRODUCT_BUNDLE_IDENTIFIER = me.guidomb.Portal.Example;
				PRODUCT_NAME = "$(TARGET_NAME)";
				SWIFT_OPTIMIZATION_LEVEL = "-Onone";
				SWIFT_VERSION = 3.0;
			};
			name = Debug;
		};
		9D7824181E92B9C8004455B1 /* Release */ = {
			isa = XCBuildConfiguration;
			buildSettings = {
				ALWAYS_EMBED_SWIFT_STANDARD_LIBRARIES = YES;
				ASSETCATALOG_COMPILER_APPICON_NAME = AppIcon;
				CLANG_ANALYZER_NUMBER_OBJECT_CONVERSION = YES_AGGRESSIVE;
				CLANG_ENABLE_MODULES = YES;
				DEVELOPMENT_TEAM = 7SMPV9L38V;
				FRAMEWORK_SEARCH_PATHS = "";
				INFOPLIST_FILE = Example/Info.plist;
				IPHONEOS_DEPLOYMENT_TARGET = 10.3;
				LD_RUNPATH_SEARCH_PATHS = "$(inherited) @executable_path/Frameworks";
				PRODUCT_BUNDLE_IDENTIFIER = me.guidomb.Portal.Example;
				PRODUCT_NAME = "$(TARGET_NAME)";
				SWIFT_VERSION = 3.0;
			};
			name = Release;
		};
/* End XCBuildConfiguration section */

/* Begin XCConfigurationList section */
		9D0F33371E78F81800C65BED /* Build configuration list for PBXProject "Portal" */ = {
			isa = XCConfigurationList;
			buildConfigurations = (
				9D0F334F1E78F81800C65BED /* Debug */,
				9D0F33501E78F81800C65BED /* Release */,
			);
			defaultConfigurationIsVisible = 0;
			defaultConfigurationName = Release;
		};
		9D0F33511E78F81800C65BED /* Build configuration list for PBXNativeTarget "Portal" */ = {
			isa = XCConfigurationList;
			buildConfigurations = (
				9D0F33521E78F81800C65BED /* Debug */,
				9D0F33531E78F81800C65BED /* Release */,
			);
			defaultConfigurationIsVisible = 0;
			defaultConfigurationName = Release;
		};
		9D0F33541E78F81800C65BED /* Build configuration list for PBXNativeTarget "PortalTests" */ = {
			isa = XCConfigurationList;
			buildConfigurations = (
				9D0F33551E78F81800C65BED /* Debug */,
				9D0F33561E78F81800C65BED /* Release */,
			);
			defaultConfigurationIsVisible = 0;
			defaultConfigurationName = Release;
		};
		9D3A6E331EEE007200DCFA2D /* Build configuration list for PBXNativeTarget "PortalExampleUITests" */ = {
			isa = XCConfigurationList;
			buildConfigurations = (
				9D3A6E341EEE007200DCFA2D /* Debug */,
				9D3A6E351EEE007200DCFA2D /* Release */,
			);
			defaultConfigurationIsVisible = 0;
			defaultConfigurationName = Release;
		};
		9D7824191E92B9C8004455B1 /* Build configuration list for PBXNativeTarget "PortalExample" */ = {
			isa = XCConfigurationList;
			buildConfigurations = (
				9D7824171E92B9C8004455B1 /* Debug */,
				9D7824181E92B9C8004455B1 /* Release */,
			);
			defaultConfigurationIsVisible = 0;
			defaultConfigurationName = Release;
		};
/* End XCConfigurationList section */
	};
	rootObject = 9D0F33341E78F81800C65BED /* Project object */;
}
